
Microsoft Visual Studio Solution File, Format Version 12.00
# Visual Studio Version 17
VisualStudioVersion = 17.0.31903.59
MinimumVisualStudioVersion = 10.0.40219.1
Project("{F2A71F9B-5D33-465A-A702-920D77279786}") = "Day01", "Day01\Day01.fsproj", "{E10F5816-8999-484C-AB73-047CD85FE783}"
EndProject
Project("{F2A71F9B-5D33-465A-A702-920D77279786}") = "Day02", "Day02\Day02.fsproj", "{3FE4355A-1C91-4F86-8827-DE72433C2B1D}"
EndProject
Project("{F2A71F9B-5D33-465A-A702-920D77279786}") = "Day03", "Day03\Day03.fsproj", "{40AAD5E2-D759-45FC-AF3D-F88B1FCFAD92}"
EndProject
Project("{F2A71F9B-5D33-465A-A702-920D77279786}") = "Day04", "Day04\Day04.fsproj", "{0BE8E1C2-137D-4482-AC1B-AF7FC8BD328A}"
EndProject
Global
	GlobalSection(SolutionConfigurationPlatforms) = preSolution
		Debug|Any CPU = Debug|Any CPU
		Debug|x64 = Debug|x64
		Debug|x86 = Debug|x86
		Release|Any CPU = Release|Any CPU
		Release|x64 = Release|x64
		Release|x86 = Release|x86
	EndGlobalSection
	GlobalSection(ProjectConfigurationPlatforms) = postSolution
		{E10F5816-8999-484C-AB73-047CD85FE783}.Debug|Any CPU.ActiveCfg = Debug|Any CPU
		{E10F5816-8999-484C-AB73-047CD85FE783}.Debug|Any CPU.Build.0 = Debug|Any CPU
		{E10F5816-8999-484C-AB73-047CD85FE783}.Debug|x64.ActiveCfg = Debug|Any CPU
		{E10F5816-8999-484C-AB73-047CD85FE783}.Debug|x64.Build.0 = Debug|Any CPU
		{E10F5816-8999-484C-AB73-047CD85FE783}.Debug|x86.ActiveCfg = Debug|Any CPU
		{E10F5816-8999-484C-AB73-047CD85FE783}.Debug|x86.Build.0 = Debug|Any CPU
		{E10F5816-8999-484C-AB73-047CD85FE783}.Release|Any CPU.ActiveCfg = Release|Any CPU
		{E10F5816-8999-484C-AB73-047CD85FE783}.Release|Any CPU.Build.0 = Release|Any CPU
		{E10F5816-8999-484C-AB73-047CD85FE783}.Release|x64.ActiveCfg = Release|Any CPU
		{E10F5816-8999-484C-AB73-047CD85FE783}.Release|x64.Build.0 = Release|Any CPU
		{E10F5816-8999-484C-AB73-047CD85FE783}.Release|x86.ActiveCfg = Release|Any CPU
		{E10F5816-8999-484C-AB73-047CD85FE783}.Release|x86.Build.0 = Release|Any CPU
		{3FE4355A-1C91-4F86-8827-DE72433C2B1D}.Debug|Any CPU.ActiveCfg = Debug|Any CPU
		{3FE4355A-1C91-4F86-8827-DE72433C2B1D}.Debug|Any CPU.Build.0 = Debug|Any CPU
		{3FE4355A-1C91-4F86-8827-DE72433C2B1D}.Debug|x64.ActiveCfg = Debug|Any CPU
		{3FE4355A-1C91-4F86-8827-DE72433C2B1D}.Debug|x64.Build.0 = Debug|Any CPU
		{3FE4355A-1C91-4F86-8827-DE72433C2B1D}.Debug|x86.ActiveCfg = Debug|Any CPU
		{3FE4355A-1C91-4F86-8827-DE72433C2B1D}.Debug|x86.Build.0 = Debug|Any CPU
		{3FE4355A-1C91-4F86-8827-DE72433C2B1D}.Release|Any CPU.ActiveCfg = Release|Any CPU
		{3FE4355A-1C91-4F86-8827-DE72433C2B1D}.Release|Any CPU.Build.0 = Release|Any CPU
		{3FE4355A-1C91-4F86-8827-DE72433C2B1D}.Release|x64.ActiveCfg = Release|Any CPU
		{3FE4355A-1C91-4F86-8827-DE72433C2B1D}.Release|x64.Build.0 = Release|Any CPU
		{3FE4355A-1C91-4F86-8827-DE72433C2B1D}.Release|x86.ActiveCfg = Release|Any CPU
		{3FE4355A-1C91-4F86-8827-DE72433C2B1D}.Release|x86.Build.0 = Release|Any CPU
		{40AAD5E2-D759-45FC-AF3D-F88B1FCFAD92}.Debug|Any CPU.ActiveCfg = Debug|Any CPU
		{40AAD5E2-D759-45FC-AF3D-F88B1FCFAD92}.Debug|Any CPU.Build.0 = Debug|Any CPU
		{40AAD5E2-D759-45FC-AF3D-F88B1FCFAD92}.Debug|x64.ActiveCfg = Debug|Any CPU
		{40AAD5E2-D759-45FC-AF3D-F88B1FCFAD92}.Debug|x64.Build.0 = Debug|Any CPU
		{40AAD5E2-D759-45FC-AF3D-F88B1FCFAD92}.Debug|x86.ActiveCfg = Debug|Any CPU
		{40AAD5E2-D759-45FC-AF3D-F88B1FCFAD92}.Debug|x86.Build.0 = Debug|Any CPU
		{40AAD5E2-D759-45FC-AF3D-F88B1FCFAD92}.Release|Any CPU.ActiveCfg = Release|Any CPU
		{40AAD5E2-D759-45FC-AF3D-F88B1FCFAD92}.Release|Any CPU.Build.0 = Release|Any CPU
		{40AAD5E2-D759-45FC-AF3D-F88B1FCFAD92}.Release|x64.ActiveCfg = Release|Any CPU
		{40AAD5E2-D759-45FC-AF3D-F88B1FCFAD92}.Release|x64.Build.0 = Release|Any CPU
		{40AAD5E2-D759-45FC-AF3D-F88B1FCFAD92}.Release|x86.ActiveCfg = Release|Any CPU
		{40AAD5E2-D759-45FC-AF3D-F88B1FCFAD92}.Release|x86.Build.0 = Release|Any CPU
		{0BE8E1C2-137D-4482-AC1B-AF7FC8BD328A}.Debug|Any CPU.ActiveCfg = Debug|Any CPU
		{0BE8E1C2-137D-4482-AC1B-AF7FC8BD328A}.Debug|Any CPU.Build.0 = Debug|Any CPU
		{0BE8E1C2-137D-4482-AC1B-AF7FC8BD328A}.Debug|x64.ActiveCfg = Debug|Any CPU
		{0BE8E1C2-137D-4482-AC1B-AF7FC8BD328A}.Debug|x64.Build.0 = Debug|Any CPU
		{0BE8E1C2-137D-4482-AC1B-AF7FC8BD328A}.Debug|x86.ActiveCfg = Debug|Any CPU
		{0BE8E1C2-137D-4482-AC1B-AF7FC8BD328A}.Debug|x86.Build.0 = Debug|Any CPU
		{0BE8E1C2-137D-4482-AC1B-AF7FC8BD328A}.Release|Any CPU.ActiveCfg = Release|Any CPU
		{0BE8E1C2-137D-4482-AC1B-AF7FC8BD328A}.Release|Any CPU.Build.0 = Release|Any CPU
		{0BE8E1C2-137D-4482-AC1B-AF7FC8BD328A}.Release|x64.ActiveCfg = Release|Any CPU
		{0BE8E1C2-137D-4482-AC1B-AF7FC8BD328A}.Release|x64.Build.0 = Release|Any CPU
		{0BE8E1C2-137D-4482-AC1B-AF7FC8BD328A}.Release|x86.ActiveCfg = Release|Any CPU
		{0BE8E1C2-137D-4482-AC1B-AF7FC8BD328A}.Release|x86.Build.0 = Release|Any CPU
	EndGlobalSection
	GlobalSection(SolutionProperties) = preSolution
		HideSolutionNode = FALSE
	EndGlobalSection
EndGlobal
