
Microsoft Visual Studio Solution File, Format Version 12.00
# Visual Studio Version 17
VisualStudioVersion = 17.0.31903.59
MinimumVisualStudioVersion = 10.0.40219.1
Project("{F2A71F9B-5D33-465A-A702-920D77279786}") = "Day01", "Day01\Day01.fsproj", "{22199321-95D3-4E0F-8F62-85BF80046818}"
EndProject
Project("{F2A71F9B-5D33-465A-A702-920D77279786}") = "Day02", "Day02\Day02.fsproj", "{7807E67F-E4EC-4A8C-B36C-A758E021E1EB}"
EndProject
Project("{F2A71F9B-5D33-465A-A702-920D77279786}") = "Day03", "Day03\Day03.fsproj", "{A667150A-E648-4558-A432-B9D78E2A6A11}"
EndProject
Project("{F2A71F9B-5D33-465A-A702-920D77279786}") = "Day04", "Day04\Day04.fsproj", "{F8DEBCCC-8CBF-4D90-9FDD-5D9E289C49D2}"
EndProject
Global
	GlobalSection(SolutionConfigurationPlatforms) = preSolution
		Debug|Any CPU = Debug|Any CPU
		Release|Any CPU = Release|Any CPU
	EndGlobalSection
	GlobalSection(SolutionProperties) = preSolution
		HideSolutionNode = FALSE
	EndGlobalSection
	GlobalSection(ProjectConfigurationPlatforms) = postSolution
		{22199321-95D3-4E0F-8F62-85BF80046818}.Debug|Any CPU.ActiveCfg = Debug|Any CPU
		{22199321-95D3-4E0F-8F62-85BF80046818}.Debug|Any CPU.Build.0 = Debug|Any CPU
		{22199321-95D3-4E0F-8F62-85BF80046818}.Release|Any CPU.ActiveCfg = Release|Any CPU
		{22199321-95D3-4E0F-8F62-85BF80046818}.Release|Any CPU.Build.0 = Release|Any CPU
		{7807E67F-E4EC-4A8C-B36C-A758E021E1EB}.Debug|Any CPU.ActiveCfg = Debug|Any CPU
		{7807E67F-E4EC-4A8C-B36C-A758E021E1EB}.Debug|Any CPU.Build.0 = Debug|Any CPU
		{7807E67F-E4EC-4A8C-B36C-A758E021E1EB}.Release|Any CPU.ActiveCfg = Release|Any CPU
		{7807E67F-E4EC-4A8C-B36C-A758E021E1EB}.Release|Any CPU.Build.0 = Release|Any CPU
		{A667150A-E648-4558-A432-B9D78E2A6A11}.Debug|Any CPU.ActiveCfg = Debug|Any CPU
		{A667150A-E648-4558-A432-B9D78E2A6A11}.Debug|Any CPU.Build.0 = Debug|Any CPU
		{A667150A-E648-4558-A432-B9D78E2A6A11}.Release|Any CPU.ActiveCfg = Release|Any CPU
		{A667150A-E648-4558-A432-B9D78E2A6A11}.Release|Any CPU.Build.0 = Release|Any CPU
		{F8DEBCCC-8CBF-4D90-9FDD-5D9E289C49D2}.Debug|Any CPU.ActiveCfg = Debug|Any CPU
		{F8DEBCCC-8CBF-4D90-9FDD-5D9E289C49D2}.Debug|Any CPU.Build.0 = Debug|Any CPU
		{F8DEBCCC-8CBF-4D90-9FDD-5D9E289C49D2}.Release|Any CPU.ActiveCfg = Release|Any CPU
		{F8DEBCCC-8CBF-4D90-9FDD-5D9E289C49D2}.Release|Any CPU.Build.0 = Release|Any CPU
	EndGlobalSection
EndGlobal
