
Microsoft Visual Studio Solution File, Format Version 12.00
# Visual Studio Version 17
VisualStudioVersion = 17.0.31903.59
MinimumVisualStudioVersion = 10.0.40219.1
Project("{F2A71F9B-5D33-465A-A702-920D77279786}") = "Day01", "Day01\Day01.fsproj", "{22199321-95D3-4E0F-8F62-85BF80046818}"
EndProject
Project("{F2A71F9B-5D33-465A-A702-920D77279786}") = "Day02", "Day02\Day02.fsproj", "{7807E67F-E4EC-4A8C-B36C-A758E021E1EB}"
EndProject
Project("{F2A71F9B-5D33-465A-A702-920D77279786}") = "Day03", "Day03\Day03.fsproj", "{A667150A-E648-4558-A432-B9D78E2A6A11}"
EndProject
Project("{F2A71F9B-5D33-465A-A702-920D77279786}") = "Day04", "Day04\Day04.fsproj", "{F8DEBCCC-8CBF-4D90-9FDD-5D9E289C49D2}"
EndProject
Project("{F2A71F9B-5D33-465A-A702-920D77279786}") = "Day05", "Day05\Day05.fsproj", "{A5BA95F6-8609-4721-8A35-A487EF896EA1}"
EndProject
Project("{F2A71F9B-5D33-465A-A702-920D77279786}") = "Day06", "Day06\Day06.fsproj", "{51C54AD3-3BD0-456F-86F4-B21744BACE93}"
EndProject
Project("{F2A71F9B-5D33-465A-A702-920D77279786}") = "Day07", "Day07\Day07.fsproj", "{55BAC296-740C-4AB8-A1F7-94E620B527A4}"
EndProject
Project("{F2A71F9B-5D33-465A-A702-920D77279786}") = "Day08", "Day08\Day08.fsproj", "{92B51FF6-154D-4527-83A3-5F5E60A3F915}"
EndProject
Project("{F2A71F9B-5D33-465A-A702-920D77279786}") = "Day09", "Day09\Day09.fsproj", "{B4654839-D9CF-4C72-9DEF-05986B7AF890}"
EndProject
Project("{F2A71F9B-5D33-465A-A702-920D77279786}") = "Day10", "Day10\Day10.fsproj", "{17BF9B2B-317D-4A2E-9A54-FC87A3FD6E49}"
EndProject
Project("{F2A71F9B-5D33-465A-A702-920D77279786}") = "Day11", "Day11\Day11.fsproj", "{18AAF3F9-BC68-4943-961B-5E568E2C8273}"
EndProject
Project("{F2A71F9B-5D33-465A-A702-920D77279786}") = "Day12", "Day12\Day12.fsproj", "{6B14E12E-B949-4B7B-B313-E748963C508A}"
EndProject
Project("{F2A71F9B-5D33-465A-A702-920D77279786}") = "Day13", "Day13\Day13.fsproj", "{3E9C3E64-87CF-46AF-ADCA-2BAE8039B8DF}"
EndProject
Project("{F2A71F9B-5D33-465A-A702-920D77279786}") = "Day14", "Day14\Day14.fsproj", "{C744281B-CD1B-44C9-96B9-F5D7F63CEBF4}"
EndProject
Project("{F2A71F9B-5D33-465A-A702-920D77279786}") = "Day15", "Day15\Day15.fsproj", "{CB111EAF-6F50-487D-9307-FE036E1284BE}"
EndProject
Project("{F2A71F9B-5D33-465A-A702-920D77279786}") = "Day20", "Day20\Day20.fsproj", "{CCA1BA52-F87E-4EA2-BD3F-F61DE02963A8}"
EndProject
Project("{F2A71F9B-5D33-465A-A702-920D77279786}") = "Day21", "Day21\Day21.fsproj", "{6671349E-25FE-48BA-B842-2C38FF44AE5F}"
EndProject
Project("{F2A71F9B-5D33-465A-A702-920D77279786}") = "Day22", "Day22\Day22.fsproj", "{ACB3E21C-8583-4EE9-AE7C-CC38AADF49F4}"
EndProject
Project("{F2A71F9B-5D33-465A-A702-920D77279786}") = "Day23", "Day23\Day23.fsproj", "{941F4F95-481C-4EB2-9302-52B5868E5324}"
EndProject
Project("{F2A71F9B-5D33-465A-A702-920D77279786}") = "Day16", "Day16\Day16.fsproj", "{222CA1F7-8694-4F1F-922F-5B742602FA1C}"
EndProject
Project("{F2A71F9B-5D33-465A-A702-920D77279786}") = "Day24", "Day24\Day24.fsproj", "{7738DF39-5795-4F75-88C0-C640C58E9A84}"
EndProject
Project("{F2A71F9B-5D33-465A-A702-920D77279786}") = "Day25", "Day25\Day25.fsproj", "{34278B44-771E-4D8C-978F-90A623C185EA}"
EndProject
Project("{F2A71F9B-5D33-465A-A702-920D77279786}") = "Day17", "Day17\Day17.fsproj", "{86B1D8F8-EBAE-475D-BAF9-2EC9CBF77D09}"
EndProject
Global
	GlobalSection(SolutionConfigurationPlatforms) = preSolution
		Debug|Any CPU = Debug|Any CPU
		Release|Any CPU = Release|Any CPU
	EndGlobalSection
	GlobalSection(SolutionProperties) = preSolution
		HideSolutionNode = FALSE
	EndGlobalSection
	GlobalSection(ProjectConfigurationPlatforms) = postSolution
		{22199321-95D3-4E0F-8F62-85BF80046818}.Debug|Any CPU.ActiveCfg = Debug|Any CPU
		{22199321-95D3-4E0F-8F62-85BF80046818}.Debug|Any CPU.Build.0 = Debug|Any CPU
		{22199321-95D3-4E0F-8F62-85BF80046818}.Release|Any CPU.ActiveCfg = Release|Any CPU
		{22199321-95D3-4E0F-8F62-85BF80046818}.Release|Any CPU.Build.0 = Release|Any CPU
		{7807E67F-E4EC-4A8C-B36C-A758E021E1EB}.Debug|Any CPU.ActiveCfg = Debug|Any CPU
		{7807E67F-E4EC-4A8C-B36C-A758E021E1EB}.Debug|Any CPU.Build.0 = Debug|Any CPU
		{7807E67F-E4EC-4A8C-B36C-A758E021E1EB}.Release|Any CPU.ActiveCfg = Release|Any CPU
		{7807E67F-E4EC-4A8C-B36C-A758E021E1EB}.Release|Any CPU.Build.0 = Release|Any CPU
		{A667150A-E648-4558-A432-B9D78E2A6A11}.Debug|Any CPU.ActiveCfg = Debug|Any CPU
		{A667150A-E648-4558-A432-B9D78E2A6A11}.Debug|Any CPU.Build.0 = Debug|Any CPU
		{A667150A-E648-4558-A432-B9D78E2A6A11}.Release|Any CPU.ActiveCfg = Release|Any CPU
		{A667150A-E648-4558-A432-B9D78E2A6A11}.Release|Any CPU.Build.0 = Release|Any CPU
		{F8DEBCCC-8CBF-4D90-9FDD-5D9E289C49D2}.Debug|Any CPU.ActiveCfg = Debug|Any CPU
		{F8DEBCCC-8CBF-4D90-9FDD-5D9E289C49D2}.Debug|Any CPU.Build.0 = Debug|Any CPU
		{F8DEBCCC-8CBF-4D90-9FDD-5D9E289C49D2}.Release|Any CPU.ActiveCfg = Release|Any CPU
		{F8DEBCCC-8CBF-4D90-9FDD-5D9E289C49D2}.Release|Any CPU.Build.0 = Release|Any CPU
		{A5BA95F6-8609-4721-8A35-A487EF896EA1}.Debug|Any CPU.ActiveCfg = Debug|Any CPU
		{A5BA95F6-8609-4721-8A35-A487EF896EA1}.Debug|Any CPU.Build.0 = Debug|Any CPU
		{A5BA95F6-8609-4721-8A35-A487EF896EA1}.Release|Any CPU.ActiveCfg = Release|Any CPU
		{A5BA95F6-8609-4721-8A35-A487EF896EA1}.Release|Any CPU.Build.0 = Release|Any CPU
		{51C54AD3-3BD0-456F-86F4-B21744BACE93}.Debug|Any CPU.ActiveCfg = Debug|Any CPU
		{51C54AD3-3BD0-456F-86F4-B21744BACE93}.Debug|Any CPU.Build.0 = Debug|Any CPU
		{51C54AD3-3BD0-456F-86F4-B21744BACE93}.Release|Any CPU.ActiveCfg = Release|Any CPU
		{51C54AD3-3BD0-456F-86F4-B21744BACE93}.Release|Any CPU.Build.0 = Release|Any CPU
		{55BAC296-740C-4AB8-A1F7-94E620B527A4}.Debug|Any CPU.ActiveCfg = Debug|Any CPU
		{55BAC296-740C-4AB8-A1F7-94E620B527A4}.Debug|Any CPU.Build.0 = Debug|Any CPU
		{55BAC296-740C-4AB8-A1F7-94E620B527A4}.Release|Any CPU.ActiveCfg = Release|Any CPU
		{55BAC296-740C-4AB8-A1F7-94E620B527A4}.Release|Any CPU.Build.0 = Release|Any CPU
		{92B51FF6-154D-4527-83A3-5F5E60A3F915}.Debug|Any CPU.ActiveCfg = Debug|Any CPU
		{92B51FF6-154D-4527-83A3-5F5E60A3F915}.Debug|Any CPU.Build.0 = Debug|Any CPU
		{92B51FF6-154D-4527-83A3-5F5E60A3F915}.Release|Any CPU.ActiveCfg = Release|Any CPU
		{92B51FF6-154D-4527-83A3-5F5E60A3F915}.Release|Any CPU.Build.0 = Release|Any CPU
		{B4654839-D9CF-4C72-9DEF-05986B7AF890}.Debug|Any CPU.ActiveCfg = Debug|Any CPU
		{B4654839-D9CF-4C72-9DEF-05986B7AF890}.Debug|Any CPU.Build.0 = Debug|Any CPU
		{B4654839-D9CF-4C72-9DEF-05986B7AF890}.Release|Any CPU.ActiveCfg = Release|Any CPU
		{B4654839-D9CF-4C72-9DEF-05986B7AF890}.Release|Any CPU.Build.0 = Release|Any CPU
		{17BF9B2B-317D-4A2E-9A54-FC87A3FD6E49}.Debug|Any CPU.ActiveCfg = Debug|Any CPU
		{17BF9B2B-317D-4A2E-9A54-FC87A3FD6E49}.Debug|Any CPU.Build.0 = Debug|Any CPU
		{17BF9B2B-317D-4A2E-9A54-FC87A3FD6E49}.Release|Any CPU.ActiveCfg = Release|Any CPU
		{17BF9B2B-317D-4A2E-9A54-FC87A3FD6E49}.Release|Any CPU.Build.0 = Release|Any CPU
		{18AAF3F9-BC68-4943-961B-5E568E2C8273}.Debug|Any CPU.ActiveCfg = Debug|Any CPU
		{18AAF3F9-BC68-4943-961B-5E568E2C8273}.Debug|Any CPU.Build.0 = Debug|Any CPU
		{18AAF3F9-BC68-4943-961B-5E568E2C8273}.Release|Any CPU.ActiveCfg = Release|Any CPU
		{18AAF3F9-BC68-4943-961B-5E568E2C8273}.Release|Any CPU.Build.0 = Release|Any CPU
		{6B14E12E-B949-4B7B-B313-E748963C508A}.Debug|Any CPU.ActiveCfg = Debug|Any CPU
		{6B14E12E-B949-4B7B-B313-E748963C508A}.Debug|Any CPU.Build.0 = Debug|Any CPU
		{6B14E12E-B949-4B7B-B313-E748963C508A}.Release|Any CPU.ActiveCfg = Release|Any CPU
		{6B14E12E-B949-4B7B-B313-E748963C508A}.Release|Any CPU.Build.0 = Release|Any CPU
		{3E9C3E64-87CF-46AF-ADCA-2BAE8039B8DF}.Debug|Any CPU.ActiveCfg = Debug|Any CPU
		{3E9C3E64-87CF-46AF-ADCA-2BAE8039B8DF}.Debug|Any CPU.Build.0 = Debug|Any CPU
		{3E9C3E64-87CF-46AF-ADCA-2BAE8039B8DF}.Release|Any CPU.ActiveCfg = Release|Any CPU
		{3E9C3E64-87CF-46AF-ADCA-2BAE8039B8DF}.Release|Any CPU.Build.0 = Release|Any CPU
		{C744281B-CD1B-44C9-96B9-F5D7F63CEBF4}.Debug|Any CPU.ActiveCfg = Debug|Any CPU
		{C744281B-CD1B-44C9-96B9-F5D7F63CEBF4}.Debug|Any CPU.Build.0 = Debug|Any CPU
		{C744281B-CD1B-44C9-96B9-F5D7F63CEBF4}.Release|Any CPU.ActiveCfg = Release|Any CPU
		{C744281B-CD1B-44C9-96B9-F5D7F63CEBF4}.Release|Any CPU.Build.0 = Release|Any CPU
		{CB111EAF-6F50-487D-9307-FE036E1284BE}.Debug|Any CPU.ActiveCfg = Debug|Any CPU
		{CB111EAF-6F50-487D-9307-FE036E1284BE}.Debug|Any CPU.Build.0 = Debug|Any CPU
		{CB111EAF-6F50-487D-9307-FE036E1284BE}.Release|Any CPU.ActiveCfg = Release|Any CPU
		{CB111EAF-6F50-487D-9307-FE036E1284BE}.Release|Any CPU.Build.0 = Release|Any CPU
		{CCA1BA52-F87E-4EA2-BD3F-F61DE02963A8}.Debug|Any CPU.ActiveCfg = Debug|Any CPU
		{CCA1BA52-F87E-4EA2-BD3F-F61DE02963A8}.Debug|Any CPU.Build.0 = Debug|Any CPU
		{CCA1BA52-F87E-4EA2-BD3F-F61DE02963A8}.Release|Any CPU.ActiveCfg = Release|Any CPU
		{CCA1BA52-F87E-4EA2-BD3F-F61DE02963A8}.Release|Any CPU.Build.0 = Release|Any CPU
		{6671349E-25FE-48BA-B842-2C38FF44AE5F}.Debug|Any CPU.ActiveCfg = Debug|Any CPU
		{6671349E-25FE-48BA-B842-2C38FF44AE5F}.Debug|Any CPU.Build.0 = Debug|Any CPU
		{6671349E-25FE-48BA-B842-2C38FF44AE5F}.Release|Any CPU.ActiveCfg = Release|Any CPU
		{6671349E-25FE-48BA-B842-2C38FF44AE5F}.Release|Any CPU.Build.0 = Release|Any CPU
		{ACB3E21C-8583-4EE9-AE7C-CC38AADF49F4}.Debug|Any CPU.ActiveCfg = Debug|Any CPU
		{ACB3E21C-8583-4EE9-AE7C-CC38AADF49F4}.Debug|Any CPU.Build.0 = Debug|Any CPU
		{ACB3E21C-8583-4EE9-AE7C-CC38AADF49F4}.Release|Any CPU.ActiveCfg = Release|Any CPU
		{ACB3E21C-8583-4EE9-AE7C-CC38AADF49F4}.Release|Any CPU.Build.0 = Release|Any CPU
		{941F4F95-481C-4EB2-9302-52B5868E5324}.Debug|Any CPU.ActiveCfg = Debug|Any CPU
		{941F4F95-481C-4EB2-9302-52B5868E5324}.Debug|Any CPU.Build.0 = Debug|Any CPU
		{941F4F95-481C-4EB2-9302-52B5868E5324}.Release|Any CPU.ActiveCfg = Release|Any CPU
		{941F4F95-481C-4EB2-9302-52B5868E5324}.Release|Any CPU.Build.0 = Release|Any CPU
		{222CA1F7-8694-4F1F-922F-5B742602FA1C}.Debug|Any CPU.ActiveCfg = Debug|Any CPU
		{222CA1F7-8694-4F1F-922F-5B742602FA1C}.Debug|Any CPU.Build.0 = Debug|Any CPU
		{222CA1F7-8694-4F1F-922F-5B742602FA1C}.Release|Any CPU.ActiveCfg = Release|Any CPU
		{222CA1F7-8694-4F1F-922F-5B742602FA1C}.Release|Any CPU.Build.0 = Release|Any CPU
		{7738DF39-5795-4F75-88C0-C640C58E9A84}.Debug|Any CPU.ActiveCfg = Debug|Any CPU
		{7738DF39-5795-4F75-88C0-C640C58E9A84}.Debug|Any CPU.Build.0 = Debug|Any CPU
		{7738DF39-5795-4F75-88C0-C640C58E9A84}.Release|Any CPU.ActiveCfg = Release|Any CPU
		{7738DF39-5795-4F75-88C0-C640C58E9A84}.Release|Any CPU.Build.0 = Release|Any CPU
		{34278B44-771E-4D8C-978F-90A623C185EA}.Debug|Any CPU.ActiveCfg = Debug|Any CPU
		{34278B44-771E-4D8C-978F-90A623C185EA}.Debug|Any CPU.Build.0 = Debug|Any CPU
		{34278B44-771E-4D8C-978F-90A623C185EA}.Release|Any CPU.ActiveCfg = Release|Any CPU
		{34278B44-771E-4D8C-978F-90A623C185EA}.Release|Any CPU.Build.0 = Release|Any CPU
		{86B1D8F8-EBAE-475D-BAF9-2EC9CBF77D09}.Debug|Any CPU.ActiveCfg = Debug|Any CPU
		{86B1D8F8-EBAE-475D-BAF9-2EC9CBF77D09}.Debug|Any CPU.Build.0 = Debug|Any CPU
		{86B1D8F8-EBAE-475D-BAF9-2EC9CBF77D09}.Release|Any CPU.ActiveCfg = Release|Any CPU
		{86B1D8F8-EBAE-475D-BAF9-2EC9CBF77D09}.Release|Any CPU.Build.0 = Release|Any CPU
	EndGlobalSection
EndGlobal
