
Microsoft Visual Studio Solution File, Format Version 12.00
# Visual Studio 15
VisualStudioVersion = 15.0.26124.0
MinimumVisualStudioVersion = 15.0.26124.0
Project("{F2A71F9B-5D33-465A-A702-920D77279786}") = "Day01", "Day01\Day01.fsproj", "{1468D772-A806-45B0-800D-6427F5D11427}"
EndProject
Project("{F2A71F9B-5D33-465A-A702-920D77279786}") = "Day02", "Day02\Day02.fsproj", "{2B7A3369-96A3-45F2-95C9-7D90497675B9}"
EndProject
Project("{F2A71F9B-5D33-465A-A702-920D77279786}") = "Day03", "Day03\Day03.fsproj", "{78DA5D3A-1636-4C34-B4CB-1826D36D3C1E}"
EndProject
Project("{F2A71F9B-5D33-465A-A702-920D77279786}") = "Day04", "Day04\Day04.fsproj", "{28D08182-19A3-4B8B-A181-DDFAAF276ABD}"
EndProject
Project("{F2A71F9B-5D33-465A-A702-920D77279786}") = "Day05", "Day05\Day05.fsproj", "{ED10A5B9-6451-4510-9C44-DD149C26F8C8}"
EndProject
Project("{F2A71F9B-5D33-465A-A702-920D77279786}") = "Day06", "Day06\Day06.fsproj", "{90CE8569-9DE5-4E6F-B7D3-99262F145640}"
EndProject
Global
	GlobalSection(SolutionConfigurationPlatforms) = preSolution
		Debug|Any CPU = Debug|Any CPU
		Debug|x64 = Debug|x64
		Debug|x86 = Debug|x86
		Release|Any CPU = Release|Any CPU
		Release|x64 = Release|x64
		Release|x86 = Release|x86
	EndGlobalSection
	GlobalSection(SolutionProperties) = preSolution
		HideSolutionNode = FALSE
	EndGlobalSection
	GlobalSection(ProjectConfigurationPlatforms) = postSolution
		{1468D772-A806-45B0-800D-6427F5D11427}.Debug|Any CPU.ActiveCfg = Debug|Any CPU
		{1468D772-A806-45B0-800D-6427F5D11427}.Debug|Any CPU.Build.0 = Debug|Any CPU
		{1468D772-A806-45B0-800D-6427F5D11427}.Debug|x64.ActiveCfg = Debug|Any CPU
		{1468D772-A806-45B0-800D-6427F5D11427}.Debug|x64.Build.0 = Debug|Any CPU
		{1468D772-A806-45B0-800D-6427F5D11427}.Debug|x86.ActiveCfg = Debug|Any CPU
		{1468D772-A806-45B0-800D-6427F5D11427}.Debug|x86.Build.0 = Debug|Any CPU
		{1468D772-A806-45B0-800D-6427F5D11427}.Release|Any CPU.ActiveCfg = Release|Any CPU
		{1468D772-A806-45B0-800D-6427F5D11427}.Release|Any CPU.Build.0 = Release|Any CPU
		{1468D772-A806-45B0-800D-6427F5D11427}.Release|x64.ActiveCfg = Release|Any CPU
		{1468D772-A806-45B0-800D-6427F5D11427}.Release|x64.Build.0 = Release|Any CPU
		{1468D772-A806-45B0-800D-6427F5D11427}.Release|x86.ActiveCfg = Release|Any CPU
		{1468D772-A806-45B0-800D-6427F5D11427}.Release|x86.Build.0 = Release|Any CPU
		{2B7A3369-96A3-45F2-95C9-7D90497675B9}.Debug|Any CPU.ActiveCfg = Debug|Any CPU
		{2B7A3369-96A3-45F2-95C9-7D90497675B9}.Debug|Any CPU.Build.0 = Debug|Any CPU
		{2B7A3369-96A3-45F2-95C9-7D90497675B9}.Debug|x64.ActiveCfg = Debug|Any CPU
		{2B7A3369-96A3-45F2-95C9-7D90497675B9}.Debug|x64.Build.0 = Debug|Any CPU
		{2B7A3369-96A3-45F2-95C9-7D90497675B9}.Debug|x86.ActiveCfg = Debug|Any CPU
		{2B7A3369-96A3-45F2-95C9-7D90497675B9}.Debug|x86.Build.0 = Debug|Any CPU
		{2B7A3369-96A3-45F2-95C9-7D90497675B9}.Release|Any CPU.ActiveCfg = Release|Any CPU
		{2B7A3369-96A3-45F2-95C9-7D90497675B9}.Release|Any CPU.Build.0 = Release|Any CPU
		{2B7A3369-96A3-45F2-95C9-7D90497675B9}.Release|x64.ActiveCfg = Release|Any CPU
		{2B7A3369-96A3-45F2-95C9-7D90497675B9}.Release|x64.Build.0 = Release|Any CPU
		{2B7A3369-96A3-45F2-95C9-7D90497675B9}.Release|x86.ActiveCfg = Release|Any CPU
		{2B7A3369-96A3-45F2-95C9-7D90497675B9}.Release|x86.Build.0 = Release|Any CPU
		{78DA5D3A-1636-4C34-B4CB-1826D36D3C1E}.Debug|Any CPU.ActiveCfg = Debug|Any CPU
		{78DA5D3A-1636-4C34-B4CB-1826D36D3C1E}.Debug|Any CPU.Build.0 = Debug|Any CPU
		{78DA5D3A-1636-4C34-B4CB-1826D36D3C1E}.Debug|x64.ActiveCfg = Debug|Any CPU
		{78DA5D3A-1636-4C34-B4CB-1826D36D3C1E}.Debug|x64.Build.0 = Debug|Any CPU
		{78DA5D3A-1636-4C34-B4CB-1826D36D3C1E}.Debug|x86.ActiveCfg = Debug|Any CPU
		{78DA5D3A-1636-4C34-B4CB-1826D36D3C1E}.Debug|x86.Build.0 = Debug|Any CPU
		{78DA5D3A-1636-4C34-B4CB-1826D36D3C1E}.Release|Any CPU.ActiveCfg = Release|Any CPU
		{78DA5D3A-1636-4C34-B4CB-1826D36D3C1E}.Release|Any CPU.Build.0 = Release|Any CPU
		{78DA5D3A-1636-4C34-B4CB-1826D36D3C1E}.Release|x64.ActiveCfg = Release|Any CPU
		{78DA5D3A-1636-4C34-B4CB-1826D36D3C1E}.Release|x64.Build.0 = Release|Any CPU
		{78DA5D3A-1636-4C34-B4CB-1826D36D3C1E}.Release|x86.ActiveCfg = Release|Any CPU
		{78DA5D3A-1636-4C34-B4CB-1826D36D3C1E}.Release|x86.Build.0 = Release|Any CPU
		{28D08182-19A3-4B8B-A181-DDFAAF276ABD}.Debug|Any CPU.ActiveCfg = Debug|Any CPU
		{28D08182-19A3-4B8B-A181-DDFAAF276ABD}.Debug|Any CPU.Build.0 = Debug|Any CPU
		{28D08182-19A3-4B8B-A181-DDFAAF276ABD}.Debug|x64.ActiveCfg = Debug|Any CPU
		{28D08182-19A3-4B8B-A181-DDFAAF276ABD}.Debug|x64.Build.0 = Debug|Any CPU
		{28D08182-19A3-4B8B-A181-DDFAAF276ABD}.Debug|x86.ActiveCfg = Debug|Any CPU
		{28D08182-19A3-4B8B-A181-DDFAAF276ABD}.Debug|x86.Build.0 = Debug|Any CPU
		{28D08182-19A3-4B8B-A181-DDFAAF276ABD}.Release|Any CPU.ActiveCfg = Release|Any CPU
		{28D08182-19A3-4B8B-A181-DDFAAF276ABD}.Release|Any CPU.Build.0 = Release|Any CPU
		{28D08182-19A3-4B8B-A181-DDFAAF276ABD}.Release|x64.ActiveCfg = Release|Any CPU
		{28D08182-19A3-4B8B-A181-DDFAAF276ABD}.Release|x64.Build.0 = Release|Any CPU
		{28D08182-19A3-4B8B-A181-DDFAAF276ABD}.Release|x86.ActiveCfg = Release|Any CPU
		{28D08182-19A3-4B8B-A181-DDFAAF276ABD}.Release|x86.Build.0 = Release|Any CPU
		{ED10A5B9-6451-4510-9C44-DD149C26F8C8}.Debug|Any CPU.ActiveCfg = Debug|Any CPU
		{ED10A5B9-6451-4510-9C44-DD149C26F8C8}.Debug|Any CPU.Build.0 = Debug|Any CPU
		{ED10A5B9-6451-4510-9C44-DD149C26F8C8}.Debug|x64.ActiveCfg = Debug|Any CPU
		{ED10A5B9-6451-4510-9C44-DD149C26F8C8}.Debug|x64.Build.0 = Debug|Any CPU
		{ED10A5B9-6451-4510-9C44-DD149C26F8C8}.Debug|x86.ActiveCfg = Debug|Any CPU
		{ED10A5B9-6451-4510-9C44-DD149C26F8C8}.Debug|x86.Build.0 = Debug|Any CPU
		{ED10A5B9-6451-4510-9C44-DD149C26F8C8}.Release|Any CPU.ActiveCfg = Release|Any CPU
		{ED10A5B9-6451-4510-9C44-DD149C26F8C8}.Release|Any CPU.Build.0 = Release|Any CPU
		{ED10A5B9-6451-4510-9C44-DD149C26F8C8}.Release|x64.ActiveCfg = Release|Any CPU
		{ED10A5B9-6451-4510-9C44-DD149C26F8C8}.Release|x64.Build.0 = Release|Any CPU
		{ED10A5B9-6451-4510-9C44-DD149C26F8C8}.Release|x86.ActiveCfg = Release|Any CPU
		{ED10A5B9-6451-4510-9C44-DD149C26F8C8}.Release|x86.Build.0 = Release|Any CPU
		{90CE8569-9DE5-4E6F-B7D3-99262F145640}.Debug|Any CPU.ActiveCfg = Debug|Any CPU
		{90CE8569-9DE5-4E6F-B7D3-99262F145640}.Debug|Any CPU.Build.0 = Debug|Any CPU
		{90CE8569-9DE5-4E6F-B7D3-99262F145640}.Debug|x64.ActiveCfg = Debug|Any CPU
		{90CE8569-9DE5-4E6F-B7D3-99262F145640}.Debug|x64.Build.0 = Debug|Any CPU
		{90CE8569-9DE5-4E6F-B7D3-99262F145640}.Debug|x86.ActiveCfg = Debug|Any CPU
		{90CE8569-9DE5-4E6F-B7D3-99262F145640}.Debug|x86.Build.0 = Debug|Any CPU
		{90CE8569-9DE5-4E6F-B7D3-99262F145640}.Release|Any CPU.ActiveCfg = Release|Any CPU
		{90CE8569-9DE5-4E6F-B7D3-99262F145640}.Release|Any CPU.Build.0 = Release|Any CPU
		{90CE8569-9DE5-4E6F-B7D3-99262F145640}.Release|x64.ActiveCfg = Release|Any CPU
		{90CE8569-9DE5-4E6F-B7D3-99262F145640}.Release|x64.Build.0 = Release|Any CPU
		{90CE8569-9DE5-4E6F-B7D3-99262F145640}.Release|x86.ActiveCfg = Release|Any CPU
		{90CE8569-9DE5-4E6F-B7D3-99262F145640}.Release|x86.Build.0 = Release|Any CPU
	EndGlobalSection
EndGlobal
