
Microsoft Visual Studio Solution File, Format Version 12.00
# Visual Studio 15
VisualStudioVersion = 15.0.26124.0
MinimumVisualStudioVersion = 15.0.26124.0
Project("{F2A71F9B-5D33-465A-A702-920D77279786}") = "Day01", "Day01\Day01.fsproj", "{1468D772-A806-45B0-800D-6427F5D11427}"
EndProject
Project("{F2A71F9B-5D33-465A-A702-920D77279786}") = "Day02", "Day02\Day02.fsproj", "{2B7A3369-96A3-45F2-95C9-7D90497675B9}"
EndProject
Project("{F2A71F9B-5D33-465A-A702-920D77279786}") = "Day03", "Day03\Day03.fsproj", "{78DA5D3A-1636-4C34-B4CB-1826D36D3C1E}"
EndProject
Project("{F2A71F9B-5D33-465A-A702-920D77279786}") = "Day04", "Day04\Day04.fsproj", "{28D08182-19A3-4B8B-A181-DDFAAF276ABD}"
EndProject
Project("{F2A71F9B-5D33-465A-A702-920D77279786}") = "Day05", "Day05\Day05.fsproj", "{ED10A5B9-6451-4510-9C44-DD149C26F8C8}"
EndProject
Project("{F2A71F9B-5D33-465A-A702-920D77279786}") = "Day06", "Day06\Day06.fsproj", "{90CE8569-9DE5-4E6F-B7D3-99262F145640}"
EndProject
Project("{F2A71F9B-5D33-465A-A702-920D77279786}") = "Day07", "Day07\Day07.fsproj", "{7DD86A55-69DC-4A68-B7D6-CF41355F151C}"
EndProject
Project("{F2A71F9B-5D33-465A-A702-920D77279786}") = "Day08", "Day08\Day08.fsproj", "{677EED46-4CE3-429E-BE62-6F1F015D427F}"
EndProject
Project("{F2A71F9B-5D33-465A-A702-920D77279786}") = "Day09", "Day09\Day09.fsproj", "{B46934DA-6B4A-4DA2-8336-29EC751D8ED3}"
EndProject
Project("{F2A71F9B-5D33-465A-A702-920D77279786}") = "Day10", "Day10\Day10.fsproj", "{909DC91B-A9EE-4920-9FE3-0B4EE4273EFE}"
EndProject
Project("{F2A71F9B-5D33-465A-A702-920D77279786}") = "Day11", "Day11\Day11.fsproj", "{1882CE75-9C57-4813-8833-D688FFD2BEFC}"
EndProject
Project("{F2A71F9B-5D33-465A-A702-920D77279786}") = "Day12", "Day12\Day12.fsproj", "{8FA4DD0E-8A7B-4E79-A502-220A385B59F8}"
EndProject
Project("{F2A71F9B-5D33-465A-A702-920D77279786}") = "Day13", "Day13\Day13.fsproj", "{7004B0DD-1033-4CBC-846E-81DA2D5E6B42}"
EndProject
Project("{F2A71F9B-5D33-465A-A702-920D77279786}") = "Day14", "Day14\Day14.fsproj", "{DD05625F-4921-4041-96DC-DD7CB291B63C}"
EndProject
Project("{F2A71F9B-5D33-465A-A702-920D77279786}") = "Day15", "day15\Day15.fsproj", "{8C47B76F-87A0-4EFA-A70B-FD81B9966932}"
EndProject
Project("{F2A71F9B-5D33-465A-A702-920D77279786}") = "Day16", "Day16\Day16.fsproj", "{3F1CEDFA-6F92-4DB8-880D-F980ADC6E105}"
EndProject
Project("{F2A71F9B-5D33-465A-A702-920D77279786}") = "Day17", "Day17\Day17.fsproj", "{ABB7BEFB-6EEF-40C4-8B2C-65BB5B27434C}"
EndProject
Project("{F2A71F9B-5D33-465A-A702-920D77279786}") = "Day18", "Day18\Day18.fsproj", "{D65BB291-3021-420F-A571-F81D77652AE9}"
EndProject
Project("{F2A71F9B-5D33-465A-A702-920D77279786}") = "Day19", "Day19\Day19.fsproj", "{6AB8334F-3ECF-40A8-83BC-C36E4CCDDE33}"
EndProject
Project("{F2A71F9B-5D33-465A-A702-920D77279786}") = "Day20", "Day20\Day20.fsproj", "{8ADC41A1-B694-4880-9E0F-60E3A5F70236}"
EndProject
Project("{F2A71F9B-5D33-465A-A702-920D77279786}") = "Day21", "Day21\Day21.fsproj", "{12835F7A-31C4-4C69-B269-25CBB3345CC0}"
EndProject
Project("{F2A71F9B-5D33-465A-A702-920D77279786}") = "Day22", "Day22\Day22.fsproj", "{98808F3A-BF29-41C2-B9DF-FB14344E57BA}"
EndProject
Project("{F2A71F9B-5D33-465A-A702-920D77279786}") = "Day23", "Day23\Day23.fsproj", "{6ECCF447-4C57-4EFF-A5E6-230206D0B178}"
EndProject
Project("{F2A71F9B-5D33-465A-A702-920D77279786}") = "Day24", "Day24\Day24.fsproj", "{8797983F-79DB-46A5-ADCC-2842D7E429C5}"
EndProject
Project("{F2A71F9B-5D33-465A-A702-920D77279786}") = "Day25", "Day25\Day25.fsproj", "{A0EA7359-263E-4C1A-AA42-6911A89DCD00}"
EndProject
Global
	GlobalSection(SolutionConfigurationPlatforms) = preSolution
		Debug|Any CPU = Debug|Any CPU
		Debug|x64 = Debug|x64
		Debug|x86 = Debug|x86
		Release|Any CPU = Release|Any CPU
		Release|x64 = Release|x64
		Release|x86 = Release|x86
	EndGlobalSection
	GlobalSection(SolutionProperties) = preSolution
		HideSolutionNode = FALSE
	EndGlobalSection
	GlobalSection(ProjectConfigurationPlatforms) = postSolution
		{1468D772-A806-45B0-800D-6427F5D11427}.Debug|Any CPU.ActiveCfg = Debug|Any CPU
		{1468D772-A806-45B0-800D-6427F5D11427}.Debug|Any CPU.Build.0 = Debug|Any CPU
		{1468D772-A806-45B0-800D-6427F5D11427}.Debug|x64.ActiveCfg = Debug|Any CPU
		{1468D772-A806-45B0-800D-6427F5D11427}.Debug|x64.Build.0 = Debug|Any CPU
		{1468D772-A806-45B0-800D-6427F5D11427}.Debug|x86.ActiveCfg = Debug|Any CPU
		{1468D772-A806-45B0-800D-6427F5D11427}.Debug|x86.Build.0 = Debug|Any CPU
		{1468D772-A806-45B0-800D-6427F5D11427}.Release|Any CPU.ActiveCfg = Release|Any CPU
		{1468D772-A806-45B0-800D-6427F5D11427}.Release|Any CPU.Build.0 = Release|Any CPU
		{1468D772-A806-45B0-800D-6427F5D11427}.Release|x64.ActiveCfg = Release|Any CPU
		{1468D772-A806-45B0-800D-6427F5D11427}.Release|x64.Build.0 = Release|Any CPU
		{1468D772-A806-45B0-800D-6427F5D11427}.Release|x86.ActiveCfg = Release|Any CPU
		{1468D772-A806-45B0-800D-6427F5D11427}.Release|x86.Build.0 = Release|Any CPU
		{2B7A3369-96A3-45F2-95C9-7D90497675B9}.Debug|Any CPU.ActiveCfg = Debug|Any CPU
		{2B7A3369-96A3-45F2-95C9-7D90497675B9}.Debug|Any CPU.Build.0 = Debug|Any CPU
		{2B7A3369-96A3-45F2-95C9-7D90497675B9}.Debug|x64.ActiveCfg = Debug|Any CPU
		{2B7A3369-96A3-45F2-95C9-7D90497675B9}.Debug|x64.Build.0 = Debug|Any CPU
		{2B7A3369-96A3-45F2-95C9-7D90497675B9}.Debug|x86.ActiveCfg = Debug|Any CPU
		{2B7A3369-96A3-45F2-95C9-7D90497675B9}.Debug|x86.Build.0 = Debug|Any CPU
		{2B7A3369-96A3-45F2-95C9-7D90497675B9}.Release|Any CPU.ActiveCfg = Release|Any CPU
		{2B7A3369-96A3-45F2-95C9-7D90497675B9}.Release|Any CPU.Build.0 = Release|Any CPU
		{2B7A3369-96A3-45F2-95C9-7D90497675B9}.Release|x64.ActiveCfg = Release|Any CPU
		{2B7A3369-96A3-45F2-95C9-7D90497675B9}.Release|x64.Build.0 = Release|Any CPU
		{2B7A3369-96A3-45F2-95C9-7D90497675B9}.Release|x86.ActiveCfg = Release|Any CPU
		{2B7A3369-96A3-45F2-95C9-7D90497675B9}.Release|x86.Build.0 = Release|Any CPU
		{78DA5D3A-1636-4C34-B4CB-1826D36D3C1E}.Debug|Any CPU.ActiveCfg = Debug|Any CPU
		{78DA5D3A-1636-4C34-B4CB-1826D36D3C1E}.Debug|Any CPU.Build.0 = Debug|Any CPU
		{78DA5D3A-1636-4C34-B4CB-1826D36D3C1E}.Debug|x64.ActiveCfg = Debug|Any CPU
		{78DA5D3A-1636-4C34-B4CB-1826D36D3C1E}.Debug|x64.Build.0 = Debug|Any CPU
		{78DA5D3A-1636-4C34-B4CB-1826D36D3C1E}.Debug|x86.ActiveCfg = Debug|Any CPU
		{78DA5D3A-1636-4C34-B4CB-1826D36D3C1E}.Debug|x86.Build.0 = Debug|Any CPU
		{78DA5D3A-1636-4C34-B4CB-1826D36D3C1E}.Release|Any CPU.ActiveCfg = Release|Any CPU
		{78DA5D3A-1636-4C34-B4CB-1826D36D3C1E}.Release|Any CPU.Build.0 = Release|Any CPU
		{78DA5D3A-1636-4C34-B4CB-1826D36D3C1E}.Release|x64.ActiveCfg = Release|Any CPU
		{78DA5D3A-1636-4C34-B4CB-1826D36D3C1E}.Release|x64.Build.0 = Release|Any CPU
		{78DA5D3A-1636-4C34-B4CB-1826D36D3C1E}.Release|x86.ActiveCfg = Release|Any CPU
		{78DA5D3A-1636-4C34-B4CB-1826D36D3C1E}.Release|x86.Build.0 = Release|Any CPU
		{28D08182-19A3-4B8B-A181-DDFAAF276ABD}.Debug|Any CPU.ActiveCfg = Debug|Any CPU
		{28D08182-19A3-4B8B-A181-DDFAAF276ABD}.Debug|Any CPU.Build.0 = Debug|Any CPU
		{28D08182-19A3-4B8B-A181-DDFAAF276ABD}.Debug|x64.ActiveCfg = Debug|Any CPU
		{28D08182-19A3-4B8B-A181-DDFAAF276ABD}.Debug|x64.Build.0 = Debug|Any CPU
		{28D08182-19A3-4B8B-A181-DDFAAF276ABD}.Debug|x86.ActiveCfg = Debug|Any CPU
		{28D08182-19A3-4B8B-A181-DDFAAF276ABD}.Debug|x86.Build.0 = Debug|Any CPU
		{28D08182-19A3-4B8B-A181-DDFAAF276ABD}.Release|Any CPU.ActiveCfg = Release|Any CPU
		{28D08182-19A3-4B8B-A181-DDFAAF276ABD}.Release|Any CPU.Build.0 = Release|Any CPU
		{28D08182-19A3-4B8B-A181-DDFAAF276ABD}.Release|x64.ActiveCfg = Release|Any CPU
		{28D08182-19A3-4B8B-A181-DDFAAF276ABD}.Release|x64.Build.0 = Release|Any CPU
		{28D08182-19A3-4B8B-A181-DDFAAF276ABD}.Release|x86.ActiveCfg = Release|Any CPU
		{28D08182-19A3-4B8B-A181-DDFAAF276ABD}.Release|x86.Build.0 = Release|Any CPU
		{ED10A5B9-6451-4510-9C44-DD149C26F8C8}.Debug|Any CPU.ActiveCfg = Debug|Any CPU
		{ED10A5B9-6451-4510-9C44-DD149C26F8C8}.Debug|Any CPU.Build.0 = Debug|Any CPU
		{ED10A5B9-6451-4510-9C44-DD149C26F8C8}.Debug|x64.ActiveCfg = Debug|Any CPU
		{ED10A5B9-6451-4510-9C44-DD149C26F8C8}.Debug|x64.Build.0 = Debug|Any CPU
		{ED10A5B9-6451-4510-9C44-DD149C26F8C8}.Debug|x86.ActiveCfg = Debug|Any CPU
		{ED10A5B9-6451-4510-9C44-DD149C26F8C8}.Debug|x86.Build.0 = Debug|Any CPU
		{ED10A5B9-6451-4510-9C44-DD149C26F8C8}.Release|Any CPU.ActiveCfg = Release|Any CPU
		{ED10A5B9-6451-4510-9C44-DD149C26F8C8}.Release|Any CPU.Build.0 = Release|Any CPU
		{ED10A5B9-6451-4510-9C44-DD149C26F8C8}.Release|x64.ActiveCfg = Release|Any CPU
		{ED10A5B9-6451-4510-9C44-DD149C26F8C8}.Release|x64.Build.0 = Release|Any CPU
		{ED10A5B9-6451-4510-9C44-DD149C26F8C8}.Release|x86.ActiveCfg = Release|Any CPU
		{ED10A5B9-6451-4510-9C44-DD149C26F8C8}.Release|x86.Build.0 = Release|Any CPU
		{90CE8569-9DE5-4E6F-B7D3-99262F145640}.Debug|Any CPU.ActiveCfg = Debug|Any CPU
		{90CE8569-9DE5-4E6F-B7D3-99262F145640}.Debug|Any CPU.Build.0 = Debug|Any CPU
		{90CE8569-9DE5-4E6F-B7D3-99262F145640}.Debug|x64.ActiveCfg = Debug|Any CPU
		{90CE8569-9DE5-4E6F-B7D3-99262F145640}.Debug|x64.Build.0 = Debug|Any CPU
		{90CE8569-9DE5-4E6F-B7D3-99262F145640}.Debug|x86.ActiveCfg = Debug|Any CPU
		{90CE8569-9DE5-4E6F-B7D3-99262F145640}.Debug|x86.Build.0 = Debug|Any CPU
		{90CE8569-9DE5-4E6F-B7D3-99262F145640}.Release|Any CPU.ActiveCfg = Release|Any CPU
		{90CE8569-9DE5-4E6F-B7D3-99262F145640}.Release|Any CPU.Build.0 = Release|Any CPU
		{90CE8569-9DE5-4E6F-B7D3-99262F145640}.Release|x64.ActiveCfg = Release|Any CPU
		{90CE8569-9DE5-4E6F-B7D3-99262F145640}.Release|x64.Build.0 = Release|Any CPU
		{90CE8569-9DE5-4E6F-B7D3-99262F145640}.Release|x86.ActiveCfg = Release|Any CPU
		{90CE8569-9DE5-4E6F-B7D3-99262F145640}.Release|x86.Build.0 = Release|Any CPU
		{7DD86A55-69DC-4A68-B7D6-CF41355F151C}.Debug|Any CPU.ActiveCfg = Debug|Any CPU
		{7DD86A55-69DC-4A68-B7D6-CF41355F151C}.Debug|Any CPU.Build.0 = Debug|Any CPU
		{7DD86A55-69DC-4A68-B7D6-CF41355F151C}.Debug|x64.ActiveCfg = Debug|Any CPU
		{7DD86A55-69DC-4A68-B7D6-CF41355F151C}.Debug|x64.Build.0 = Debug|Any CPU
		{7DD86A55-69DC-4A68-B7D6-CF41355F151C}.Debug|x86.ActiveCfg = Debug|Any CPU
		{7DD86A55-69DC-4A68-B7D6-CF41355F151C}.Debug|x86.Build.0 = Debug|Any CPU
		{7DD86A55-69DC-4A68-B7D6-CF41355F151C}.Release|Any CPU.ActiveCfg = Release|Any CPU
		{7DD86A55-69DC-4A68-B7D6-CF41355F151C}.Release|Any CPU.Build.0 = Release|Any CPU
		{7DD86A55-69DC-4A68-B7D6-CF41355F151C}.Release|x64.ActiveCfg = Release|Any CPU
		{7DD86A55-69DC-4A68-B7D6-CF41355F151C}.Release|x64.Build.0 = Release|Any CPU
		{7DD86A55-69DC-4A68-B7D6-CF41355F151C}.Release|x86.ActiveCfg = Release|Any CPU
		{7DD86A55-69DC-4A68-B7D6-CF41355F151C}.Release|x86.Build.0 = Release|Any CPU
		{677EED46-4CE3-429E-BE62-6F1F015D427F}.Debug|Any CPU.ActiveCfg = Debug|Any CPU
		{677EED46-4CE3-429E-BE62-6F1F015D427F}.Debug|Any CPU.Build.0 = Debug|Any CPU
		{677EED46-4CE3-429E-BE62-6F1F015D427F}.Debug|x64.ActiveCfg = Debug|Any CPU
		{677EED46-4CE3-429E-BE62-6F1F015D427F}.Debug|x64.Build.0 = Debug|Any CPU
		{677EED46-4CE3-429E-BE62-6F1F015D427F}.Debug|x86.ActiveCfg = Debug|Any CPU
		{677EED46-4CE3-429E-BE62-6F1F015D427F}.Debug|x86.Build.0 = Debug|Any CPU
		{677EED46-4CE3-429E-BE62-6F1F015D427F}.Release|Any CPU.ActiveCfg = Release|Any CPU
		{677EED46-4CE3-429E-BE62-6F1F015D427F}.Release|Any CPU.Build.0 = Release|Any CPU
		{677EED46-4CE3-429E-BE62-6F1F015D427F}.Release|x64.ActiveCfg = Release|Any CPU
		{677EED46-4CE3-429E-BE62-6F1F015D427F}.Release|x64.Build.0 = Release|Any CPU
		{677EED46-4CE3-429E-BE62-6F1F015D427F}.Release|x86.ActiveCfg = Release|Any CPU
		{677EED46-4CE3-429E-BE62-6F1F015D427F}.Release|x86.Build.0 = Release|Any CPU
		{B46934DA-6B4A-4DA2-8336-29EC751D8ED3}.Debug|Any CPU.ActiveCfg = Debug|Any CPU
		{B46934DA-6B4A-4DA2-8336-29EC751D8ED3}.Debug|Any CPU.Build.0 = Debug|Any CPU
		{B46934DA-6B4A-4DA2-8336-29EC751D8ED3}.Debug|x64.ActiveCfg = Debug|Any CPU
		{B46934DA-6B4A-4DA2-8336-29EC751D8ED3}.Debug|x64.Build.0 = Debug|Any CPU
		{B46934DA-6B4A-4DA2-8336-29EC751D8ED3}.Debug|x86.ActiveCfg = Debug|Any CPU
		{B46934DA-6B4A-4DA2-8336-29EC751D8ED3}.Debug|x86.Build.0 = Debug|Any CPU
		{B46934DA-6B4A-4DA2-8336-29EC751D8ED3}.Release|Any CPU.ActiveCfg = Release|Any CPU
		{B46934DA-6B4A-4DA2-8336-29EC751D8ED3}.Release|Any CPU.Build.0 = Release|Any CPU
		{B46934DA-6B4A-4DA2-8336-29EC751D8ED3}.Release|x64.ActiveCfg = Release|Any CPU
		{B46934DA-6B4A-4DA2-8336-29EC751D8ED3}.Release|x64.Build.0 = Release|Any CPU
		{B46934DA-6B4A-4DA2-8336-29EC751D8ED3}.Release|x86.ActiveCfg = Release|Any CPU
		{B46934DA-6B4A-4DA2-8336-29EC751D8ED3}.Release|x86.Build.0 = Release|Any CPU
		{909DC91B-A9EE-4920-9FE3-0B4EE4273EFE}.Debug|Any CPU.ActiveCfg = Debug|Any CPU
		{909DC91B-A9EE-4920-9FE3-0B4EE4273EFE}.Debug|Any CPU.Build.0 = Debug|Any CPU
		{909DC91B-A9EE-4920-9FE3-0B4EE4273EFE}.Debug|x64.ActiveCfg = Debug|Any CPU
		{909DC91B-A9EE-4920-9FE3-0B4EE4273EFE}.Debug|x64.Build.0 = Debug|Any CPU
		{909DC91B-A9EE-4920-9FE3-0B4EE4273EFE}.Debug|x86.ActiveCfg = Debug|Any CPU
		{909DC91B-A9EE-4920-9FE3-0B4EE4273EFE}.Debug|x86.Build.0 = Debug|Any CPU
		{909DC91B-A9EE-4920-9FE3-0B4EE4273EFE}.Release|Any CPU.ActiveCfg = Release|Any CPU
		{909DC91B-A9EE-4920-9FE3-0B4EE4273EFE}.Release|Any CPU.Build.0 = Release|Any CPU
		{909DC91B-A9EE-4920-9FE3-0B4EE4273EFE}.Release|x64.ActiveCfg = Release|Any CPU
		{909DC91B-A9EE-4920-9FE3-0B4EE4273EFE}.Release|x64.Build.0 = Release|Any CPU
		{909DC91B-A9EE-4920-9FE3-0B4EE4273EFE}.Release|x86.ActiveCfg = Release|Any CPU
		{909DC91B-A9EE-4920-9FE3-0B4EE4273EFE}.Release|x86.Build.0 = Release|Any CPU
		{1882CE75-9C57-4813-8833-D688FFD2BEFC}.Debug|Any CPU.ActiveCfg = Debug|Any CPU
		{1882CE75-9C57-4813-8833-D688FFD2BEFC}.Debug|Any CPU.Build.0 = Debug|Any CPU
		{1882CE75-9C57-4813-8833-D688FFD2BEFC}.Debug|x64.ActiveCfg = Debug|Any CPU
		{1882CE75-9C57-4813-8833-D688FFD2BEFC}.Debug|x64.Build.0 = Debug|Any CPU
		{1882CE75-9C57-4813-8833-D688FFD2BEFC}.Debug|x86.ActiveCfg = Debug|Any CPU
		{1882CE75-9C57-4813-8833-D688FFD2BEFC}.Debug|x86.Build.0 = Debug|Any CPU
		{1882CE75-9C57-4813-8833-D688FFD2BEFC}.Release|Any CPU.ActiveCfg = Release|Any CPU
		{1882CE75-9C57-4813-8833-D688FFD2BEFC}.Release|Any CPU.Build.0 = Release|Any CPU
		{1882CE75-9C57-4813-8833-D688FFD2BEFC}.Release|x64.ActiveCfg = Release|Any CPU
		{1882CE75-9C57-4813-8833-D688FFD2BEFC}.Release|x64.Build.0 = Release|Any CPU
		{1882CE75-9C57-4813-8833-D688FFD2BEFC}.Release|x86.ActiveCfg = Release|Any CPU
		{1882CE75-9C57-4813-8833-D688FFD2BEFC}.Release|x86.Build.0 = Release|Any CPU
		{8FA4DD0E-8A7B-4E79-A502-220A385B59F8}.Debug|Any CPU.ActiveCfg = Debug|Any CPU
		{8FA4DD0E-8A7B-4E79-A502-220A385B59F8}.Debug|Any CPU.Build.0 = Debug|Any CPU
		{8FA4DD0E-8A7B-4E79-A502-220A385B59F8}.Debug|x64.ActiveCfg = Debug|Any CPU
		{8FA4DD0E-8A7B-4E79-A502-220A385B59F8}.Debug|x64.Build.0 = Debug|Any CPU
		{8FA4DD0E-8A7B-4E79-A502-220A385B59F8}.Debug|x86.ActiveCfg = Debug|Any CPU
		{8FA4DD0E-8A7B-4E79-A502-220A385B59F8}.Debug|x86.Build.0 = Debug|Any CPU
		{8FA4DD0E-8A7B-4E79-A502-220A385B59F8}.Release|Any CPU.ActiveCfg = Release|Any CPU
		{8FA4DD0E-8A7B-4E79-A502-220A385B59F8}.Release|Any CPU.Build.0 = Release|Any CPU
		{8FA4DD0E-8A7B-4E79-A502-220A385B59F8}.Release|x64.ActiveCfg = Release|Any CPU
		{8FA4DD0E-8A7B-4E79-A502-220A385B59F8}.Release|x64.Build.0 = Release|Any CPU
		{8FA4DD0E-8A7B-4E79-A502-220A385B59F8}.Release|x86.ActiveCfg = Release|Any CPU
		{8FA4DD0E-8A7B-4E79-A502-220A385B59F8}.Release|x86.Build.0 = Release|Any CPU
		{7004B0DD-1033-4CBC-846E-81DA2D5E6B42}.Debug|Any CPU.ActiveCfg = Debug|Any CPU
		{7004B0DD-1033-4CBC-846E-81DA2D5E6B42}.Debug|Any CPU.Build.0 = Debug|Any CPU
		{7004B0DD-1033-4CBC-846E-81DA2D5E6B42}.Debug|x64.ActiveCfg = Debug|Any CPU
		{7004B0DD-1033-4CBC-846E-81DA2D5E6B42}.Debug|x64.Build.0 = Debug|Any CPU
		{7004B0DD-1033-4CBC-846E-81DA2D5E6B42}.Debug|x86.ActiveCfg = Debug|Any CPU
		{7004B0DD-1033-4CBC-846E-81DA2D5E6B42}.Debug|x86.Build.0 = Debug|Any CPU
		{7004B0DD-1033-4CBC-846E-81DA2D5E6B42}.Release|Any CPU.ActiveCfg = Release|Any CPU
		{7004B0DD-1033-4CBC-846E-81DA2D5E6B42}.Release|Any CPU.Build.0 = Release|Any CPU
		{7004B0DD-1033-4CBC-846E-81DA2D5E6B42}.Release|x64.ActiveCfg = Release|Any CPU
		{7004B0DD-1033-4CBC-846E-81DA2D5E6B42}.Release|x64.Build.0 = Release|Any CPU
		{7004B0DD-1033-4CBC-846E-81DA2D5E6B42}.Release|x86.ActiveCfg = Release|Any CPU
		{7004B0DD-1033-4CBC-846E-81DA2D5E6B42}.Release|x86.Build.0 = Release|Any CPU
		{DD05625F-4921-4041-96DC-DD7CB291B63C}.Debug|Any CPU.ActiveCfg = Debug|Any CPU
		{DD05625F-4921-4041-96DC-DD7CB291B63C}.Debug|Any CPU.Build.0 = Debug|Any CPU
		{DD05625F-4921-4041-96DC-DD7CB291B63C}.Debug|x64.ActiveCfg = Debug|Any CPU
		{DD05625F-4921-4041-96DC-DD7CB291B63C}.Debug|x64.Build.0 = Debug|Any CPU
		{DD05625F-4921-4041-96DC-DD7CB291B63C}.Debug|x86.ActiveCfg = Debug|Any CPU
		{DD05625F-4921-4041-96DC-DD7CB291B63C}.Debug|x86.Build.0 = Debug|Any CPU
		{DD05625F-4921-4041-96DC-DD7CB291B63C}.Release|Any CPU.ActiveCfg = Release|Any CPU
		{DD05625F-4921-4041-96DC-DD7CB291B63C}.Release|Any CPU.Build.0 = Release|Any CPU
		{DD05625F-4921-4041-96DC-DD7CB291B63C}.Release|x64.ActiveCfg = Release|Any CPU
		{DD05625F-4921-4041-96DC-DD7CB291B63C}.Release|x64.Build.0 = Release|Any CPU
		{DD05625F-4921-4041-96DC-DD7CB291B63C}.Release|x86.ActiveCfg = Release|Any CPU
		{DD05625F-4921-4041-96DC-DD7CB291B63C}.Release|x86.Build.0 = Release|Any CPU
		{8C47B76F-87A0-4EFA-A70B-FD81B9966932}.Debug|Any CPU.ActiveCfg = Debug|Any CPU
		{8C47B76F-87A0-4EFA-A70B-FD81B9966932}.Debug|Any CPU.Build.0 = Debug|Any CPU
		{8C47B76F-87A0-4EFA-A70B-FD81B9966932}.Debug|x64.ActiveCfg = Debug|Any CPU
		{8C47B76F-87A0-4EFA-A70B-FD81B9966932}.Debug|x64.Build.0 = Debug|Any CPU
		{8C47B76F-87A0-4EFA-A70B-FD81B9966932}.Debug|x86.ActiveCfg = Debug|Any CPU
		{8C47B76F-87A0-4EFA-A70B-FD81B9966932}.Debug|x86.Build.0 = Debug|Any CPU
		{8C47B76F-87A0-4EFA-A70B-FD81B9966932}.Release|Any CPU.ActiveCfg = Release|Any CPU
		{8C47B76F-87A0-4EFA-A70B-FD81B9966932}.Release|Any CPU.Build.0 = Release|Any CPU
		{8C47B76F-87A0-4EFA-A70B-FD81B9966932}.Release|x64.ActiveCfg = Release|Any CPU
		{8C47B76F-87A0-4EFA-A70B-FD81B9966932}.Release|x64.Build.0 = Release|Any CPU
		{8C47B76F-87A0-4EFA-A70B-FD81B9966932}.Release|x86.ActiveCfg = Release|Any CPU
		{8C47B76F-87A0-4EFA-A70B-FD81B9966932}.Release|x86.Build.0 = Release|Any CPU
		{3F1CEDFA-6F92-4DB8-880D-F980ADC6E105}.Debug|Any CPU.ActiveCfg = Debug|Any CPU
		{3F1CEDFA-6F92-4DB8-880D-F980ADC6E105}.Debug|Any CPU.Build.0 = Debug|Any CPU
		{3F1CEDFA-6F92-4DB8-880D-F980ADC6E105}.Debug|x64.ActiveCfg = Debug|Any CPU
		{3F1CEDFA-6F92-4DB8-880D-F980ADC6E105}.Debug|x64.Build.0 = Debug|Any CPU
		{3F1CEDFA-6F92-4DB8-880D-F980ADC6E105}.Debug|x86.ActiveCfg = Debug|Any CPU
		{3F1CEDFA-6F92-4DB8-880D-F980ADC6E105}.Debug|x86.Build.0 = Debug|Any CPU
		{3F1CEDFA-6F92-4DB8-880D-F980ADC6E105}.Release|Any CPU.ActiveCfg = Release|Any CPU
		{3F1CEDFA-6F92-4DB8-880D-F980ADC6E105}.Release|Any CPU.Build.0 = Release|Any CPU
		{3F1CEDFA-6F92-4DB8-880D-F980ADC6E105}.Release|x64.ActiveCfg = Release|Any CPU
		{3F1CEDFA-6F92-4DB8-880D-F980ADC6E105}.Release|x64.Build.0 = Release|Any CPU
		{3F1CEDFA-6F92-4DB8-880D-F980ADC6E105}.Release|x86.ActiveCfg = Release|Any CPU
		{3F1CEDFA-6F92-4DB8-880D-F980ADC6E105}.Release|x86.Build.0 = Release|Any CPU
		{ABB7BEFB-6EEF-40C4-8B2C-65BB5B27434C}.Debug|Any CPU.ActiveCfg = Debug|Any CPU
		{ABB7BEFB-6EEF-40C4-8B2C-65BB5B27434C}.Debug|Any CPU.Build.0 = Debug|Any CPU
		{ABB7BEFB-6EEF-40C4-8B2C-65BB5B27434C}.Debug|x64.ActiveCfg = Debug|Any CPU
		{ABB7BEFB-6EEF-40C4-8B2C-65BB5B27434C}.Debug|x64.Build.0 = Debug|Any CPU
		{ABB7BEFB-6EEF-40C4-8B2C-65BB5B27434C}.Debug|x86.ActiveCfg = Debug|Any CPU
		{ABB7BEFB-6EEF-40C4-8B2C-65BB5B27434C}.Debug|x86.Build.0 = Debug|Any CPU
		{ABB7BEFB-6EEF-40C4-8B2C-65BB5B27434C}.Release|Any CPU.ActiveCfg = Release|Any CPU
		{ABB7BEFB-6EEF-40C4-8B2C-65BB5B27434C}.Release|Any CPU.Build.0 = Release|Any CPU
		{ABB7BEFB-6EEF-40C4-8B2C-65BB5B27434C}.Release|x64.ActiveCfg = Release|Any CPU
		{ABB7BEFB-6EEF-40C4-8B2C-65BB5B27434C}.Release|x64.Build.0 = Release|Any CPU
		{ABB7BEFB-6EEF-40C4-8B2C-65BB5B27434C}.Release|x86.ActiveCfg = Release|Any CPU
		{ABB7BEFB-6EEF-40C4-8B2C-65BB5B27434C}.Release|x86.Build.0 = Release|Any CPU
		{D65BB291-3021-420F-A571-F81D77652AE9}.Debug|Any CPU.ActiveCfg = Debug|Any CPU
		{D65BB291-3021-420F-A571-F81D77652AE9}.Debug|Any CPU.Build.0 = Debug|Any CPU
		{D65BB291-3021-420F-A571-F81D77652AE9}.Debug|x64.ActiveCfg = Debug|Any CPU
		{D65BB291-3021-420F-A571-F81D77652AE9}.Debug|x64.Build.0 = Debug|Any CPU
		{D65BB291-3021-420F-A571-F81D77652AE9}.Debug|x86.ActiveCfg = Debug|Any CPU
		{D65BB291-3021-420F-A571-F81D77652AE9}.Debug|x86.Build.0 = Debug|Any CPU
		{D65BB291-3021-420F-A571-F81D77652AE9}.Release|Any CPU.ActiveCfg = Release|Any CPU
		{D65BB291-3021-420F-A571-F81D77652AE9}.Release|Any CPU.Build.0 = Release|Any CPU
		{D65BB291-3021-420F-A571-F81D77652AE9}.Release|x64.ActiveCfg = Release|Any CPU
		{D65BB291-3021-420F-A571-F81D77652AE9}.Release|x64.Build.0 = Release|Any CPU
		{D65BB291-3021-420F-A571-F81D77652AE9}.Release|x86.ActiveCfg = Release|Any CPU
		{D65BB291-3021-420F-A571-F81D77652AE9}.Release|x86.Build.0 = Release|Any CPU
		{6AB8334F-3ECF-40A8-83BC-C36E4CCDDE33}.Debug|Any CPU.ActiveCfg = Debug|Any CPU
		{6AB8334F-3ECF-40A8-83BC-C36E4CCDDE33}.Debug|Any CPU.Build.0 = Debug|Any CPU
		{6AB8334F-3ECF-40A8-83BC-C36E4CCDDE33}.Debug|x64.ActiveCfg = Debug|Any CPU
		{6AB8334F-3ECF-40A8-83BC-C36E4CCDDE33}.Debug|x64.Build.0 = Debug|Any CPU
		{6AB8334F-3ECF-40A8-83BC-C36E4CCDDE33}.Debug|x86.ActiveCfg = Debug|Any CPU
		{6AB8334F-3ECF-40A8-83BC-C36E4CCDDE33}.Debug|x86.Build.0 = Debug|Any CPU
		{6AB8334F-3ECF-40A8-83BC-C36E4CCDDE33}.Release|Any CPU.ActiveCfg = Release|Any CPU
		{6AB8334F-3ECF-40A8-83BC-C36E4CCDDE33}.Release|Any CPU.Build.0 = Release|Any CPU
		{6AB8334F-3ECF-40A8-83BC-C36E4CCDDE33}.Release|x64.ActiveCfg = Release|Any CPU
		{6AB8334F-3ECF-40A8-83BC-C36E4CCDDE33}.Release|x64.Build.0 = Release|Any CPU
		{6AB8334F-3ECF-40A8-83BC-C36E4CCDDE33}.Release|x86.ActiveCfg = Release|Any CPU
		{6AB8334F-3ECF-40A8-83BC-C36E4CCDDE33}.Release|x86.Build.0 = Release|Any CPU
		{8ADC41A1-B694-4880-9E0F-60E3A5F70236}.Debug|Any CPU.ActiveCfg = Debug|Any CPU
		{8ADC41A1-B694-4880-9E0F-60E3A5F70236}.Debug|Any CPU.Build.0 = Debug|Any CPU
		{8ADC41A1-B694-4880-9E0F-60E3A5F70236}.Debug|x64.ActiveCfg = Debug|Any CPU
		{8ADC41A1-B694-4880-9E0F-60E3A5F70236}.Debug|x64.Build.0 = Debug|Any CPU
		{8ADC41A1-B694-4880-9E0F-60E3A5F70236}.Debug|x86.ActiveCfg = Debug|Any CPU
		{8ADC41A1-B694-4880-9E0F-60E3A5F70236}.Debug|x86.Build.0 = Debug|Any CPU
		{8ADC41A1-B694-4880-9E0F-60E3A5F70236}.Release|Any CPU.ActiveCfg = Release|Any CPU
		{8ADC41A1-B694-4880-9E0F-60E3A5F70236}.Release|Any CPU.Build.0 = Release|Any CPU
		{8ADC41A1-B694-4880-9E0F-60E3A5F70236}.Release|x64.ActiveCfg = Release|Any CPU
		{8ADC41A1-B694-4880-9E0F-60E3A5F70236}.Release|x64.Build.0 = Release|Any CPU
		{8ADC41A1-B694-4880-9E0F-60E3A5F70236}.Release|x86.ActiveCfg = Release|Any CPU
		{8ADC41A1-B694-4880-9E0F-60E3A5F70236}.Release|x86.Build.0 = Release|Any CPU
		{12835F7A-31C4-4C69-B269-25CBB3345CC0}.Debug|Any CPU.ActiveCfg = Debug|Any CPU
		{12835F7A-31C4-4C69-B269-25CBB3345CC0}.Debug|Any CPU.Build.0 = Debug|Any CPU
		{12835F7A-31C4-4C69-B269-25CBB3345CC0}.Debug|x64.ActiveCfg = Debug|Any CPU
		{12835F7A-31C4-4C69-B269-25CBB3345CC0}.Debug|x64.Build.0 = Debug|Any CPU
		{12835F7A-31C4-4C69-B269-25CBB3345CC0}.Debug|x86.ActiveCfg = Debug|Any CPU
		{12835F7A-31C4-4C69-B269-25CBB3345CC0}.Debug|x86.Build.0 = Debug|Any CPU
		{12835F7A-31C4-4C69-B269-25CBB3345CC0}.Release|Any CPU.ActiveCfg = Release|Any CPU
		{12835F7A-31C4-4C69-B269-25CBB3345CC0}.Release|Any CPU.Build.0 = Release|Any CPU
		{12835F7A-31C4-4C69-B269-25CBB3345CC0}.Release|x64.ActiveCfg = Release|Any CPU
		{12835F7A-31C4-4C69-B269-25CBB3345CC0}.Release|x64.Build.0 = Release|Any CPU
		{12835F7A-31C4-4C69-B269-25CBB3345CC0}.Release|x86.ActiveCfg = Release|Any CPU
		{12835F7A-31C4-4C69-B269-25CBB3345CC0}.Release|x86.Build.0 = Release|Any CPU
		{98808F3A-BF29-41C2-B9DF-FB14344E57BA}.Debug|Any CPU.ActiveCfg = Debug|Any CPU
		{98808F3A-BF29-41C2-B9DF-FB14344E57BA}.Debug|Any CPU.Build.0 = Debug|Any CPU
		{98808F3A-BF29-41C2-B9DF-FB14344E57BA}.Debug|x64.ActiveCfg = Debug|Any CPU
		{98808F3A-BF29-41C2-B9DF-FB14344E57BA}.Debug|x64.Build.0 = Debug|Any CPU
		{98808F3A-BF29-41C2-B9DF-FB14344E57BA}.Debug|x86.ActiveCfg = Debug|Any CPU
		{98808F3A-BF29-41C2-B9DF-FB14344E57BA}.Debug|x86.Build.0 = Debug|Any CPU
		{98808F3A-BF29-41C2-B9DF-FB14344E57BA}.Release|Any CPU.ActiveCfg = Release|Any CPU
		{98808F3A-BF29-41C2-B9DF-FB14344E57BA}.Release|Any CPU.Build.0 = Release|Any CPU
		{98808F3A-BF29-41C2-B9DF-FB14344E57BA}.Release|x64.ActiveCfg = Release|Any CPU
		{98808F3A-BF29-41C2-B9DF-FB14344E57BA}.Release|x64.Build.0 = Release|Any CPU
		{98808F3A-BF29-41C2-B9DF-FB14344E57BA}.Release|x86.ActiveCfg = Release|Any CPU
		{98808F3A-BF29-41C2-B9DF-FB14344E57BA}.Release|x86.Build.0 = Release|Any CPU
		{6ECCF447-4C57-4EFF-A5E6-230206D0B178}.Debug|Any CPU.ActiveCfg = Debug|Any CPU
		{6ECCF447-4C57-4EFF-A5E6-230206D0B178}.Debug|Any CPU.Build.0 = Debug|Any CPU
		{6ECCF447-4C57-4EFF-A5E6-230206D0B178}.Debug|x64.ActiveCfg = Debug|Any CPU
		{6ECCF447-4C57-4EFF-A5E6-230206D0B178}.Debug|x64.Build.0 = Debug|Any CPU
		{6ECCF447-4C57-4EFF-A5E6-230206D0B178}.Debug|x86.ActiveCfg = Debug|Any CPU
		{6ECCF447-4C57-4EFF-A5E6-230206D0B178}.Debug|x86.Build.0 = Debug|Any CPU
		{6ECCF447-4C57-4EFF-A5E6-230206D0B178}.Release|Any CPU.ActiveCfg = Release|Any CPU
		{6ECCF447-4C57-4EFF-A5E6-230206D0B178}.Release|Any CPU.Build.0 = Release|Any CPU
		{6ECCF447-4C57-4EFF-A5E6-230206D0B178}.Release|x64.ActiveCfg = Release|Any CPU
		{6ECCF447-4C57-4EFF-A5E6-230206D0B178}.Release|x64.Build.0 = Release|Any CPU
		{6ECCF447-4C57-4EFF-A5E6-230206D0B178}.Release|x86.ActiveCfg = Release|Any CPU
		{6ECCF447-4C57-4EFF-A5E6-230206D0B178}.Release|x86.Build.0 = Release|Any CPU
		{8797983F-79DB-46A5-ADCC-2842D7E429C5}.Debug|Any CPU.ActiveCfg = Debug|Any CPU
		{8797983F-79DB-46A5-ADCC-2842D7E429C5}.Debug|Any CPU.Build.0 = Debug|Any CPU
		{8797983F-79DB-46A5-ADCC-2842D7E429C5}.Debug|x64.ActiveCfg = Debug|Any CPU
		{8797983F-79DB-46A5-ADCC-2842D7E429C5}.Debug|x64.Build.0 = Debug|Any CPU
		{8797983F-79DB-46A5-ADCC-2842D7E429C5}.Debug|x86.ActiveCfg = Debug|Any CPU
		{8797983F-79DB-46A5-ADCC-2842D7E429C5}.Debug|x86.Build.0 = Debug|Any CPU
		{8797983F-79DB-46A5-ADCC-2842D7E429C5}.Release|Any CPU.ActiveCfg = Release|Any CPU
		{8797983F-79DB-46A5-ADCC-2842D7E429C5}.Release|Any CPU.Build.0 = Release|Any CPU
		{8797983F-79DB-46A5-ADCC-2842D7E429C5}.Release|x64.ActiveCfg = Release|Any CPU
		{8797983F-79DB-46A5-ADCC-2842D7E429C5}.Release|x64.Build.0 = Release|Any CPU
		{8797983F-79DB-46A5-ADCC-2842D7E429C5}.Release|x86.ActiveCfg = Release|Any CPU
		{8797983F-79DB-46A5-ADCC-2842D7E429C5}.Release|x86.Build.0 = Release|Any CPU
		{A0EA7359-263E-4C1A-AA42-6911A89DCD00}.Debug|Any CPU.ActiveCfg = Debug|Any CPU
		{A0EA7359-263E-4C1A-AA42-6911A89DCD00}.Debug|Any CPU.Build.0 = Debug|Any CPU
		{A0EA7359-263E-4C1A-AA42-6911A89DCD00}.Debug|x64.ActiveCfg = Debug|Any CPU
		{A0EA7359-263E-4C1A-AA42-6911A89DCD00}.Debug|x64.Build.0 = Debug|Any CPU
		{A0EA7359-263E-4C1A-AA42-6911A89DCD00}.Debug|x86.ActiveCfg = Debug|Any CPU
		{A0EA7359-263E-4C1A-AA42-6911A89DCD00}.Debug|x86.Build.0 = Debug|Any CPU
		{A0EA7359-263E-4C1A-AA42-6911A89DCD00}.Release|Any CPU.ActiveCfg = Release|Any CPU
		{A0EA7359-263E-4C1A-AA42-6911A89DCD00}.Release|Any CPU.Build.0 = Release|Any CPU
		{A0EA7359-263E-4C1A-AA42-6911A89DCD00}.Release|x64.ActiveCfg = Release|Any CPU
		{A0EA7359-263E-4C1A-AA42-6911A89DCD00}.Release|x64.Build.0 = Release|Any CPU
		{A0EA7359-263E-4C1A-AA42-6911A89DCD00}.Release|x86.ActiveCfg = Release|Any CPU
		{A0EA7359-263E-4C1A-AA42-6911A89DCD00}.Release|x86.Build.0 = Release|Any CPU
	EndGlobalSection
EndGlobal
