Microsoft Visual Studio Solution File, Format Version 12.00
# Visual Studio 15
VisualStudioVersion = 15.0.26124.0
MinimumVisualStudioVersion = 15.0.26124.0
Project("{F2A71F9B-5D33-465A-A702-920D77279786}") = "Day01", "Day01\Day01.fsproj", "{73825D47-1F56-4717-8491-75FBA1C614D8}"
EndProject
Project("{F2A71F9B-5D33-465A-A702-920D77279786}") = "Day02", "Day02\Day02.fsproj", "{E7F2F98E-5D32-4092-A316-638D2FE4C88F}"
EndProject
Project("{F2A71F9B-5D33-465A-A702-920D77279786}") = "Day03", "Day03\Day03.fsproj", "{26F0D715-7747-4E39-8F92-F6DA33894843}"
EndProject
Project("{F2A71F9B-5D33-465A-A702-920D77279786}") = "Day04", "Day04\Day04.fsproj", "{FF901B2A-A2C7-426B-9368-956583BAA386}"
EndProject
Project("{F2A71F9B-5D33-465A-A702-920D77279786}") = "Day05", "Day05\Day05.fsproj", "{1CCCA66B-FC45-407B-9A76-76EE1A9C9FCC}"
EndProject
Global
	GlobalSection(SolutionConfigurationPlatforms) = preSolution
		Debug|Any CPU = Debug|Any CPU
	EndGlobalSection
	GlobalSection(SolutionProperties) = preSolution
		HideSolutionNode = FALSE
	EndGlobalSection
	GlobalSection(ProjectConfigurationPlatforms) = postSolution
		{73825D47-1F56-4717-8491-75FBA1C614D8}.Debug|Any CPU.ActiveCfg = Debug|Any CPU
		{73825D47-1F56-4717-8491-75FBA1C614D8}.Debug|Any CPU.Build.0 = Debug|Any CPU
		{E7F2F98E-5D32-4092-A316-638D2FE4C88F}.Debug|Any CPU.ActiveCfg = Debug|Any CPU
		{E7F2F98E-5D32-4092-A316-638D2FE4C88F}.Debug|Any CPU.Build.0 = Debug|Any CPU
		{26F0D715-7747-4E39-8F92-F6DA33894843}.Debug|Any CPU.ActiveCfg = Debug|Any CPU
		{26F0D715-7747-4E39-8F92-F6DA33894843}.Debug|Any CPU.Build.0 = Debug|Any CPU
		{FF901B2A-A2C7-426B-9368-956583BAA386}.Debug|Any CPU.ActiveCfg = Debug|Any CPU
		{FF901B2A-A2C7-426B-9368-956583BAA386}.Debug|Any CPU.Build.0 = Debug|Any CPU
		{1CCCA66B-FC45-407B-9A76-76EE1A9C9FCC}.Debug|Any CPU.ActiveCfg = Debug|Any CPU
		{1CCCA66B-FC45-407B-9A76-76EE1A9C9FCC}.Debug|Any CPU.Build.0 = Debug|Any CPU
	EndGlobalSection
EndGlobal
