
Microsoft Visual Studio Solution File, Format Version 12.00
# Visual Studio Version 17
VisualStudioVersion = 17.0.31903.59
MinimumVisualStudioVersion = 10.0.40219.1
Project("{F2A71F9B-5D33-465A-A702-920D77279786}") = "Day01", "Day01\Day01.fsproj", "{5DF20C27-1DB0-48B5-AC60-51DE8447B115}"
EndProject
Project("{F2A71F9B-5D33-465A-A702-920D77279786}") = "Day02", "Day02\Day02.fsproj", "{60C72EFB-7D43-4C81-A4A2-1F75028A152A}"
EndProject
Project("{F2A71F9B-5D33-465A-A702-920D77279786}") = "Day03", "Day03\Day03.fsproj", "{10247C88-57CA-40C9-8C8E-CEF70E504B35}"
EndProject
Project("{F2A71F9B-5D33-465A-A702-920D77279786}") = "Day04", "Day04\Day04.fsproj", "{8E56CF4D-7320-481F-AE77-CFD24496A248}"
EndProject
Project("{F2A71F9B-5D33-465A-A702-920D77279786}") = "Day05", "Day05\Day05.fsproj", "{C8B23263-9993-423B-961F-51CB3385F696}"
EndProject
Project("{F2A71F9B-5D33-465A-A702-920D77279786}") = "Day06", "Day06\Day06.fsproj", "{F787329B-F2DB-4CEB-9B55-BBE93D9ED79A}"
EndProject
Project("{F2A71F9B-5D33-465A-A702-920D77279786}") = "Day07", "Day07\Day07.fsproj", "{8C92C5E8-6A72-4E7C-9CAD-23CD296A2877}"
EndProject
Project("{F2A71F9B-5D33-465A-A702-920D77279786}") = "Day08", "Day08\Day08.fsproj", "{6858BE9A-A1D6-4318-97C2-2C5022387745}"
EndProject
Project("{F2A71F9B-5D33-465A-A702-920D77279786}") = "Day09", "Day09\Day09.fsproj", "{0DCC9286-0292-43E4-981B-B3C3EAB109D3}"
EndProject
Project("{F2A71F9B-5D33-465A-A702-920D77279786}") = "Day10", "Day10\Day10.fsproj", "{02302796-D8F3-4588-A685-EA7AC580D57E}"
EndProject
Project("{F2A71F9B-5D33-465A-A702-920D77279786}") = "Day11", "Day11\Day11.fsproj", "{6A514EAC-37F0-4F15-8C04-69D87FF2703E}"
EndProject
Project("{F2A71F9B-5D33-465A-A702-920D77279786}") = "Day12", "Day12\Day12.fsproj", "{F93B7E04-3102-4815-B37A-5C3661DBDC97}"
EndProject
Project("{F2A71F9B-5D33-465A-A702-920D77279786}") = "Day13", "Day13\Day13.fsproj", "{86C2CF4F-7CC6-4AA6-8288-B13708563033}"
EndProject
Project("{F2A71F9B-5D33-465A-A702-920D77279786}") = "Day14", "Day14\Day14.fsproj", "{4C83783D-C93D-407E-B64E-DA0A4EAD0066}"
EndProject
Project("{F2A71F9B-5D33-465A-A702-920D77279786}") = "Day15", "Day15\Day15.fsproj", "{0ABBB352-2310-4911-8C92-67D7248DD55C}"
EndProject
Project("{F2A71F9B-5D33-465A-A702-920D77279786}") = "Day16", "Day16\Day16.fsproj", "{FD7A6C66-15CF-405C-B982-D7DF586FC523}"
EndProject
Global
	GlobalSection(SolutionConfigurationPlatforms) = preSolution
		Debug|Any CPU = Debug|Any CPU
		Release|Any CPU = Release|Any CPU
	EndGlobalSection
	GlobalSection(SolutionProperties) = preSolution
		HideSolutionNode = FALSE
	EndGlobalSection
	GlobalSection(ProjectConfigurationPlatforms) = postSolution
		{5DF20C27-1DB0-48B5-AC60-51DE8447B115}.Debug|Any CPU.ActiveCfg = Debug|Any CPU
		{5DF20C27-1DB0-48B5-AC60-51DE8447B115}.Debug|Any CPU.Build.0 = Debug|Any CPU
		{5DF20C27-1DB0-48B5-AC60-51DE8447B115}.Release|Any CPU.ActiveCfg = Release|Any CPU
		{5DF20C27-1DB0-48B5-AC60-51DE8447B115}.Release|Any CPU.Build.0 = Release|Any CPU
		{60C72EFB-7D43-4C81-A4A2-1F75028A152A}.Debug|Any CPU.ActiveCfg = Debug|Any CPU
		{60C72EFB-7D43-4C81-A4A2-1F75028A152A}.Debug|Any CPU.Build.0 = Debug|Any CPU
		{60C72EFB-7D43-4C81-A4A2-1F75028A152A}.Release|Any CPU.ActiveCfg = Release|Any CPU
		{60C72EFB-7D43-4C81-A4A2-1F75028A152A}.Release|Any CPU.Build.0 = Release|Any CPU
		{10247C88-57CA-40C9-8C8E-CEF70E504B35}.Debug|Any CPU.ActiveCfg = Debug|Any CPU
		{10247C88-57CA-40C9-8C8E-CEF70E504B35}.Debug|Any CPU.Build.0 = Debug|Any CPU
		{10247C88-57CA-40C9-8C8E-CEF70E504B35}.Release|Any CPU.ActiveCfg = Release|Any CPU
		{10247C88-57CA-40C9-8C8E-CEF70E504B35}.Release|Any CPU.Build.0 = Release|Any CPU
		{8E56CF4D-7320-481F-AE77-CFD24496A248}.Debug|Any CPU.ActiveCfg = Debug|Any CPU
		{8E56CF4D-7320-481F-AE77-CFD24496A248}.Debug|Any CPU.Build.0 = Debug|Any CPU
		{8E56CF4D-7320-481F-AE77-CFD24496A248}.Release|Any CPU.ActiveCfg = Release|Any CPU
		{8E56CF4D-7320-481F-AE77-CFD24496A248}.Release|Any CPU.Build.0 = Release|Any CPU
		{C8B23263-9993-423B-961F-51CB3385F696}.Debug|Any CPU.ActiveCfg = Debug|Any CPU
		{C8B23263-9993-423B-961F-51CB3385F696}.Debug|Any CPU.Build.0 = Debug|Any CPU
		{C8B23263-9993-423B-961F-51CB3385F696}.Release|Any CPU.ActiveCfg = Release|Any CPU
		{C8B23263-9993-423B-961F-51CB3385F696}.Release|Any CPU.Build.0 = Release|Any CPU
		{F787329B-F2DB-4CEB-9B55-BBE93D9ED79A}.Debug|Any CPU.ActiveCfg = Debug|Any CPU
		{F787329B-F2DB-4CEB-9B55-BBE93D9ED79A}.Debug|Any CPU.Build.0 = Debug|Any CPU
		{F787329B-F2DB-4CEB-9B55-BBE93D9ED79A}.Release|Any CPU.ActiveCfg = Release|Any CPU
		{F787329B-F2DB-4CEB-9B55-BBE93D9ED79A}.Release|Any CPU.Build.0 = Release|Any CPU
		{8C92C5E8-6A72-4E7C-9CAD-23CD296A2877}.Debug|Any CPU.ActiveCfg = Debug|Any CPU
		{8C92C5E8-6A72-4E7C-9CAD-23CD296A2877}.Debug|Any CPU.Build.0 = Debug|Any CPU
		{8C92C5E8-6A72-4E7C-9CAD-23CD296A2877}.Release|Any CPU.ActiveCfg = Release|Any CPU
		{8C92C5E8-6A72-4E7C-9CAD-23CD296A2877}.Release|Any CPU.Build.0 = Release|Any CPU
		{6858BE9A-A1D6-4318-97C2-2C5022387745}.Debug|Any CPU.ActiveCfg = Debug|Any CPU
		{6858BE9A-A1D6-4318-97C2-2C5022387745}.Debug|Any CPU.Build.0 = Debug|Any CPU
		{6858BE9A-A1D6-4318-97C2-2C5022387745}.Release|Any CPU.ActiveCfg = Release|Any CPU
		{6858BE9A-A1D6-4318-97C2-2C5022387745}.Release|Any CPU.Build.0 = Release|Any CPU
		{0DCC9286-0292-43E4-981B-B3C3EAB109D3}.Debug|Any CPU.ActiveCfg = Debug|Any CPU
		{0DCC9286-0292-43E4-981B-B3C3EAB109D3}.Debug|Any CPU.Build.0 = Debug|Any CPU
		{0DCC9286-0292-43E4-981B-B3C3EAB109D3}.Release|Any CPU.ActiveCfg = Release|Any CPU
		{0DCC9286-0292-43E4-981B-B3C3EAB109D3}.Release|Any CPU.Build.0 = Release|Any CPU
		{02302796-D8F3-4588-A685-EA7AC580D57E}.Debug|Any CPU.ActiveCfg = Debug|Any CPU
		{02302796-D8F3-4588-A685-EA7AC580D57E}.Debug|Any CPU.Build.0 = Debug|Any CPU
		{02302796-D8F3-4588-A685-EA7AC580D57E}.Release|Any CPU.ActiveCfg = Release|Any CPU
		{02302796-D8F3-4588-A685-EA7AC580D57E}.Release|Any CPU.Build.0 = Release|Any CPU
		{6A514EAC-37F0-4F15-8C04-69D87FF2703E}.Debug|Any CPU.ActiveCfg = Debug|Any CPU
		{6A514EAC-37F0-4F15-8C04-69D87FF2703E}.Debug|Any CPU.Build.0 = Debug|Any CPU
		{6A514EAC-37F0-4F15-8C04-69D87FF2703E}.Release|Any CPU.ActiveCfg = Release|Any CPU
		{6A514EAC-37F0-4F15-8C04-69D87FF2703E}.Release|Any CPU.Build.0 = Release|Any CPU
		{F93B7E04-3102-4815-B37A-5C3661DBDC97}.Debug|Any CPU.ActiveCfg = Debug|Any CPU
		{F93B7E04-3102-4815-B37A-5C3661DBDC97}.Debug|Any CPU.Build.0 = Debug|Any CPU
		{F93B7E04-3102-4815-B37A-5C3661DBDC97}.Release|Any CPU.ActiveCfg = Release|Any CPU
		{F93B7E04-3102-4815-B37A-5C3661DBDC97}.Release|Any CPU.Build.0 = Release|Any CPU
		{86C2CF4F-7CC6-4AA6-8288-B13708563033}.Debug|Any CPU.ActiveCfg = Debug|Any CPU
		{86C2CF4F-7CC6-4AA6-8288-B13708563033}.Debug|Any CPU.Build.0 = Debug|Any CPU
		{86C2CF4F-7CC6-4AA6-8288-B13708563033}.Release|Any CPU.ActiveCfg = Release|Any CPU
		{86C2CF4F-7CC6-4AA6-8288-B13708563033}.Release|Any CPU.Build.0 = Release|Any CPU
		{4C83783D-C93D-407E-B64E-DA0A4EAD0066}.Debug|Any CPU.ActiveCfg = Debug|Any CPU
		{4C83783D-C93D-407E-B64E-DA0A4EAD0066}.Debug|Any CPU.Build.0 = Debug|Any CPU
		{4C83783D-C93D-407E-B64E-DA0A4EAD0066}.Release|Any CPU.ActiveCfg = Release|Any CPU
		{4C83783D-C93D-407E-B64E-DA0A4EAD0066}.Release|Any CPU.Build.0 = Release|Any CPU
		{0ABBB352-2310-4911-8C92-67D7248DD55C}.Debug|Any CPU.ActiveCfg = Debug|Any CPU
		{0ABBB352-2310-4911-8C92-67D7248DD55C}.Debug|Any CPU.Build.0 = Debug|Any CPU
		{0ABBB352-2310-4911-8C92-67D7248DD55C}.Release|Any CPU.ActiveCfg = Release|Any CPU
		{0ABBB352-2310-4911-8C92-67D7248DD55C}.Release|Any CPU.Build.0 = Release|Any CPU
		{FD7A6C66-15CF-405C-B982-D7DF586FC523}.Debug|Any CPU.ActiveCfg = Debug|Any CPU
		{FD7A6C66-15CF-405C-B982-D7DF586FC523}.Debug|Any CPU.Build.0 = Debug|Any CPU
		{FD7A6C66-15CF-405C-B982-D7DF586FC523}.Release|Any CPU.ActiveCfg = Release|Any CPU
		{FD7A6C66-15CF-405C-B982-D7DF586FC523}.Release|Any CPU.Build.0 = Release|Any CPU
	EndGlobalSection
EndGlobal
